// !$*UTF8*$!
{
	archiveVersion = 1;
	classes = {
	};
	objectVersion = 46;
	objects = {

/* Begin PBXBuildFile section */
		07CE68D315908689009B89D4 /* LoginViewController_iPhone.xib in Sources */ = {isa = PBXBuildFile; fileRef = 7884DC29156F9D9100679076 /* LoginViewController_iPhone.xib */; };
		07CE68D415908689009B89D4 /* LoginViewController_iPad.xib in Sources */ = {isa = PBXBuildFile; fileRef = 7884DC2C156F9E0600679076 /* LoginViewController_iPad.xib */; };
		07CE68D515908689009B89D4 /* ContainerViewController_iPhone.xib in Sources */ = {isa = PBXBuildFile; fileRef = 7884DC3F156FA24600679076 /* ContainerViewController_iPhone.xib */; };
		07CE68D615908689009B89D4 /* ContainerViewController_iPad.xib in Sources */ = {isa = PBXBuildFile; fileRef = 7884DC42156FA2DF00679076 /* ContainerViewController_iPad.xib */; };
		07CE68D715908689009B89D4 /* ActivityViewController_iPhone.xib in Sources */ = {isa = PBXBuildFile; fileRef = 7884DC46156FAA5400679076 /* ActivityViewController_iPhone.xib */; };
		07CE68D815908689009B89D4 /* ActivityViewController_iPad.xib in Sources */ = {isa = PBXBuildFile; fileRef = 7884DC53156FAAA300679076 /* ActivityViewController_iPad.xib */; };
		07CE68D915908689009B89D4 /* ActivityDetailsViewController_iPhone.xib in Sources */ = {isa = PBXBuildFile; fileRef = 78CB45AF157CD9860043661F /* ActivityDetailsViewController_iPhone.xib */; };
		07CE68DA15908689009B89D4 /* ActivityWebDetailsController_iPhone.xib in Sources */ = {isa = PBXBuildFile; fileRef = 78CB45BA157CDB6F0043661F /* ActivityWebDetailsController_iPhone.xib */; };
		07CE68DB15908689009B89D4 /* StartUpViewController_iPhone.xib in Sources */ = {isa = PBXBuildFile; fileRef = 7884DC4B156FAA6A00679076 /* StartUpViewController_iPhone.xib */; };
		07CE68DC15908689009B89D4 /* StartUpViewController_iPad.xib in Sources */ = {isa = PBXBuildFile; fileRef = 7884DC55156FAAD000679076 /* StartUpViewController_iPad.xib */; };
		07CE68DD15908689009B89D4 /* StartUpDetailsViewController_iPhone.xib in Sources */ = {isa = PBXBuildFile; fileRef = 78CB45B5157CD9B90043661F /* StartUpDetailsViewController_iPhone.xib */; };
		07CE68DE15908689009B89D4 /* StartUpWebDetailsController_iPhone.xib in Sources */ = {isa = PBXBuildFile; fileRef = 78CB45BF157CEDF20043661F /* StartUpWebDetailsController_iPhone.xib */; };
		07CE68DF15908689009B89D4 /* InboxViewController.m in Sources */ = {isa = PBXBuildFile; fileRef = 07CE68CC1590866B009B89D4 /* InboxViewController.m */; };
		07CE68E015908689009B89D4 /* InboxViewController_iPhone.xib in Sources */ = {isa = PBXBuildFile; fileRef = 07CE68CD1590866B009B89D4 /* InboxViewController_iPhone.xib */; };
		07CE68E115908689009B89D4 /* InboxViewController_iPad.xib in Sources */ = {isa = PBXBuildFile; fileRef = 07CE68CE1590866B009B89D4 /* InboxViewController_iPad.xib */; };
		07CE68E215908689009B89D4 /* InboxDetailsViewController.m in Sources */ = {isa = PBXBuildFile; fileRef = 07CE68D01590866B009B89D4 /* InboxDetailsViewController.m */; };
		07CE68E315908689009B89D4 /* InboxDetailsViewController_IPhone.xib in Sources */ = {isa = PBXBuildFile; fileRef = 07CE68D11590866B009B89D4 /* InboxDetailsViewController_IPhone.xib */; };
		07CE68E415908689009B89D4 /* InboxDetailsViewController_IPad.xib in Sources */ = {isa = PBXBuildFile; fileRef = 07CE68D21590866B009B89D4 /* InboxDetailsViewController_IPad.xib */; };
		787C39E015908FAB000AD034 /* send.png in Resources */ = {isa = PBXBuildFile; fileRef = 787C39DF15908FAB000AD034 /* send.png */; };
		787D23C0158462E70077FF07 /* placeholder.png in Resources */ = {isa = PBXBuildFile; fileRef = 787D23BF158462E70077FF07 /* placeholder.png */; };
		787E2FBF1573319C00E3D6AE /* icon_57.png in Resources */ = {isa = PBXBuildFile; fileRef = 787E2FBD1573319C00E3D6AE /* icon_57.png */; };
		787E2FC01573319C00E3D6AE /* icon_72.png in Resources */ = {isa = PBXBuildFile; fileRef = 787E2FBE1573319C00E3D6AE /* icon_72.png */; };
		787E2FD815734E0900E3D6AE /* background_iPad.png in Resources */ = {isa = PBXBuildFile; fileRef = 787E2FD415734E0900E3D6AE /* background_iPad.png */; };
		787E2FD915734E0900E3D6AE /* loginfromangellist_iPad.png in Resources */ = {isa = PBXBuildFile; fileRef = 787E2FD515734E0900E3D6AE /* loginfromangellist_iPad.png */; };
		787E2FDA15734E0900E3D6AE /* loginfromfacebook_iPad.png in Resources */ = {isa = PBXBuildFile; fileRef = 787E2FD615734E0900E3D6AE /* loginfromfacebook_iPad.png */; };
		787E2FDB15734E0900E3D6AE /* loginfromtwitter_iPad.png in Resources */ = {isa = PBXBuildFile; fileRef = 787E2FD715734E0900E3D6AE /* loginfromtwitter_iPad.png */; };
		787ECD261583276300330768 /* HomeViewController.m in Sources */ = {isa = PBXBuildFile; fileRef = 787ECD241583276300330768 /* HomeViewController.m */; };
		787ECD271583276300330768 /* HomeViewController_iPhone.xib in Resources */ = {isa = PBXBuildFile; fileRef = 787ECD251583276300330768 /* HomeViewController_iPhone.xib */; };
		78832D981585D19900C995D6 /* closebutton.png in Resources */ = {isa = PBXBuildFile; fileRef = 78832D971585D19900C995D6 /* closebutton.png */; };
		7884BAE7157F365D00F4E10E /* CustomTabBar.m in Sources */ = {isa = PBXBuildFile; fileRef = 7884BAE6157F365D00F4E10E /* CustomTabBar.m */; };
		7884BB00157F3CDA00F4E10E /* activityp.png in Resources */ = {isa = PBXBuildFile; fileRef = 7884BAF9157F3CD900F4E10E /* activityp.png */; };
		7884BB01157F3CDA00F4E10E /* home.png in Resources */ = {isa = PBXBuildFile; fileRef = 7884BAFA157F3CD900F4E10E /* home.png */; };
		7884BB02157F3CDA00F4E10E /* homep.png in Resources */ = {isa = PBXBuildFile; fileRef = 7884BAFB157F3CD900F4E10E /* homep.png */; };
		7884BB03157F3CDA00F4E10E /* inbox.png in Resources */ = {isa = PBXBuildFile; fileRef = 7884BAFC157F3CD900F4E10E /* inbox.png */; };
		7884BB04157F3CDA00F4E10E /* inboxp.png in Resources */ = {isa = PBXBuildFile; fileRef = 7884BAFD157F3CD900F4E10E /* inboxp.png */; };
		7884BB05157F3CDA00F4E10E /* startupp.png in Resources */ = {isa = PBXBuildFile; fileRef = 7884BAFE157F3CDA00F4E10E /* startupp.png */; };
		7884BB06157F3CDA00F4E10E /* tabbarbackground.png in Resources */ = {isa = PBXBuildFile; fileRef = 7884BAFF157F3CDA00F4E10E /* tabbarbackground.png */; };
		7884DBEF156F8C3000679076 /* UIKit.framework in Frameworks */ = {isa = PBXBuildFile; fileRef = 7884DBEE156F8C3000679076 /* UIKit.framework */; };
		7884DBF1156F8C3000679076 /* Foundation.framework in Frameworks */ = {isa = PBXBuildFile; fileRef = 7884DBF0156F8C3000679076 /* Foundation.framework */; };
		7884DBF3156F8C3000679076 /* CoreGraphics.framework in Frameworks */ = {isa = PBXBuildFile; fileRef = 7884DBF2156F8C3000679076 /* CoreGraphics.framework */; };
		7884DBF9156F8C3000679076 /* InfoPlist.strings in Resources */ = {isa = PBXBuildFile; fileRef = 7884DBF7156F8C3000679076 /* InfoPlist.strings */; };
		7884DBFB156F8C3000679076 /* main.m in Sources */ = {isa = PBXBuildFile; fileRef = 7884DBFA156F8C3000679076 /* main.m */; };
		7884DBFF156F8C3000679076 /* AppDelegate.m in Sources */ = {isa = PBXBuildFile; fileRef = 7884DBFE156F8C3000679076 /* AppDelegate.m */; };
		7884DC02156F8C3000679076 /* ViewController.m in Sources */ = {isa = PBXBuildFile; fileRef = 7884DC01156F8C3000679076 /* ViewController.m */; };
		7884DC05156F8C3000679076 /* ViewController_iPhone.xib in Resources */ = {isa = PBXBuildFile; fileRef = 7884DC03156F8C3000679076 /* ViewController_iPhone.xib */; };
		7884DC08156F8C3000679076 /* ViewController_iPad.xib in Resources */ = {isa = PBXBuildFile; fileRef = 7884DC06156F8C3000679076 /* ViewController_iPad.xib */; };
		7884DC2A156F9D9100679076 /* LoginViewController.m in Sources */ = {isa = PBXBuildFile; fileRef = 7884DC28156F9D9100679076 /* LoginViewController.m */; };
		7884DC2B156F9D9100679076 /* LoginViewController_iPhone.xib in Resources */ = {isa = PBXBuildFile; fileRef = 7884DC29156F9D9100679076 /* LoginViewController_iPhone.xib */; };
		7884DC2D156F9E0600679076 /* LoginViewController_iPad.xib in Resources */ = {isa = PBXBuildFile; fileRef = 7884DC2C156F9E0600679076 /* LoginViewController_iPad.xib */; };
		7884DC36156F9FF900679076 /* back.png in Resources */ = {isa = PBXBuildFile; fileRef = 7884DC2F156F9FF900679076 /* back.png */; };
		7884DC37156F9FF900679076 /* background.png in Resources */ = {isa = PBXBuildFile; fileRef = 7884DC30156F9FF900679076 /* background.png */; };
		7884DC38156F9FF900679076 /* filter.png in Resources */ = {isa = PBXBuildFile; fileRef = 7884DC31156F9FF900679076 /* filter.png */; };
		7884DC39156F9FF900679076 /* loginfromangellist.png in Resources */ = {isa = PBXBuildFile; fileRef = 7884DC32156F9FF900679076 /* loginfromangellist.png */; };
		7884DC3A156F9FF900679076 /* loginfromfacebook.png in Resources */ = {isa = PBXBuildFile; fileRef = 7884DC33156F9FF900679076 /* loginfromfacebook.png */; };
		7884DC3B156F9FF900679076 /* loginfromtwitter.png in Resources */ = {isa = PBXBuildFile; fileRef = 7884DC34156F9FF900679076 /* loginfromtwitter.png */; };
		7884DC3C156F9FF900679076 /* navigationbar.png in Resources */ = {isa = PBXBuildFile; fileRef = 7884DC35156F9FF900679076 /* navigationbar.png */; };
		7884DC40156FA24600679076 /* ContainerViewController.m in Sources */ = {isa = PBXBuildFile; fileRef = 7884DC3E156FA24600679076 /* ContainerViewController.m */; };
		7884DC41156FA24600679076 /* ContainerViewController_iPhone.xib in Resources */ = {isa = PBXBuildFile; fileRef = 7884DC3F156FA24600679076 /* ContainerViewController_iPhone.xib */; };
		7884DC43156FA2E000679076 /* ContainerViewController_iPad.xib in Resources */ = {isa = PBXBuildFile; fileRef = 7884DC42156FA2DF00679076 /* ContainerViewController_iPad.xib */; };
		7884DC47156FAA5400679076 /* ActivityViewController.m in Sources */ = {isa = PBXBuildFile; fileRef = 7884DC45156FAA5400679076 /* ActivityViewController.m */; };
		7884DC48156FAA5400679076 /* ActivityViewController_iPhone.xib in Resources */ = {isa = PBXBuildFile; fileRef = 7884DC46156FAA5400679076 /* ActivityViewController_iPhone.xib */; };
		7884DC4C156FAA6A00679076 /* StartUpViewController.m in Sources */ = {isa = PBXBuildFile; fileRef = 7884DC4A156FAA6A00679076 /* StartUpViewController.m */; };
		7884DC4D156FAA6A00679076 /* StartUpViewController_iPhone.xib in Resources */ = {isa = PBXBuildFile; fileRef = 7884DC4B156FAA6A00679076 /* StartUpViewController_iPhone.xib */; };
		7884DC54156FAAA400679076 /* ActivityViewController_iPad.xib in Resources */ = {isa = PBXBuildFile; fileRef = 7884DC53156FAAA300679076 /* ActivityViewController_iPad.xib */; };
		7884DC56156FAAD000679076 /* StartUpViewController_iPad.xib in Resources */ = {isa = PBXBuildFile; fileRef = 7884DC55156FAAD000679076 /* StartUpViewController_iPad.xib */; };
		7884DC5B156FADD100679076 /* AsyncImageView.m in Sources */ = {isa = PBXBuildFile; fileRef = 7884DC5A156FADD100679076 /* AsyncImageView.m */; };
		788C4025157DE13E00A61CBF /* activity.png in Resources */ = {isa = PBXBuildFile; fileRef = 788C4024157DE13E00A61CBF /* activity.png */; };
		788C4027157DE70500A61CBF /* startup.png in Resources */ = {isa = PBXBuildFile; fileRef = 788C4026157DE70500A61CBF /* startup.png */; };
		788C402D157E0F9600A61CBF /* unfollow.png in Resources */ = {isa = PBXBuildFile; fileRef = 788C402C157E0F9600A61CBF /* unfollow.png */; };
		789FFC7215858B3D00E45F6E /* pendingapi.png in Resources */ = {isa = PBXBuildFile; fileRef = 789FFC7115858B3D00E45F6E /* pendingapi.png */; };
		78BB083F157BC3A800822FD9 /* Reachability.m in Sources */ = {isa = PBXBuildFile; fileRef = 78BB083E157BC3A800822FD9 /* Reachability.m */; };
		78BB084E157BC99000822FD9 /* SystemConfiguration.framework in Frameworks */ = {isa = PBXBuildFile; fileRef = 78BB084D157BC99000822FD9 /* SystemConfiguration.framework */; };
		78BB0850157BCBDB00822FD9 /* libsqlite3.dylib in Frameworks */ = {isa = PBXBuildFile; fileRef = 78BB084F157BCBDB00822FD9 /* libsqlite3.dylib */; };
		78BB0853157BCBF700822FD9 /* DBManager.m in Sources */ = {isa = PBXBuildFile; fileRef = 78BB0852157BCBF700822FD9 /* DBManager.m */; };
		78CB45B0157CD9860043661F /* ActivityDetailsViewController.m in Sources */ = {isa = PBXBuildFile; fileRef = 78CB45AE157CD9860043661F /* ActivityDetailsViewController.m */; };
		78CB45B1157CD9860043661F /* ActivityDetailsViewController_iPhone.xib in Resources */ = {isa = PBXBuildFile; fileRef = 78CB45AF157CD9860043661F /* ActivityDetailsViewController_iPhone.xib */; };
		78CB45B6157CD9B90043661F /* StartUpDetailsViewController.m in Sources */ = {isa = PBXBuildFile; fileRef = 78CB45B4157CD9B90043661F /* StartUpDetailsViewController.m */; };
		78CB45B7157CD9B90043661F /* StartUpDetailsViewController_iPhone.xib in Resources */ = {isa = PBXBuildFile; fileRef = 78CB45B5157CD9B90043661F /* StartUpDetailsViewController_iPhone.xib */; };
		78CB45BB157CDB6F0043661F /* ActivityWebDetailsController.m in Sources */ = {isa = PBXBuildFile; fileRef = 78CB45B9157CDB6F0043661F /* ActivityWebDetailsController.m */; };
		78CB45BC157CDB6F0043661F /* ActivityWebDetailsController_iPhone.xib in Resources */ = {isa = PBXBuildFile; fileRef = 78CB45BA157CDB6F0043661F /* ActivityWebDetailsController_iPhone.xib */; };
		78CB45C0157CEDF30043661F /* StartUpWebDetailsController.m in Sources */ = {isa = PBXBuildFile; fileRef = 78CB45BE157CEDF20043661F /* StartUpWebDetailsController.m */; };
		78CB45C1157CEDF30043661F /* StartUpWebDetailsController_iPhone.xib in Resources */ = {isa = PBXBuildFile; fileRef = 78CB45BF157CEDF20043661F /* StartUpWebDetailsController_iPhone.xib */; };
		78D94B7715748FE7001A6305 /* more.png in Resources */ = {isa = PBXBuildFile; fileRef = 78D94B7615748FE7001A6305 /* more.png */; };
		78D94B7A15749054001A6305 /* follow.png in Resources */ = {isa = PBXBuildFile; fileRef = 78D94B7915749054001A6305 /* follow.png */; };
/* End PBXBuildFile section */

/* Begin PBXFileReference section */
		07CE68CB1590866B009B89D4 /* InboxViewController.h */ = {isa = PBXFileReference; lastKnownFileType = sourcecode.c.h; path = InboxViewController.h; sourceTree = "<group>"; };
		07CE68CC1590866B009B89D4 /* InboxViewController.m */ = {isa = PBXFileReference; lastKnownFileType = sourcecode.c.objc; path = InboxViewController.m; sourceTree = "<group>"; };
		07CE68CD1590866B009B89D4 /* InboxViewController_iPhone.xib */ = {isa = PBXFileReference; lastKnownFileType = file.xib; path = InboxViewController_iPhone.xib; sourceTree = "<group>"; };
		07CE68CE1590866B009B89D4 /* InboxViewController_iPad.xib */ = {isa = PBXFileReference; lastKnownFileType = file.xib; path = InboxViewController_iPad.xib; sourceTree = "<group>"; };
		07CE68CF1590866B009B89D4 /* InboxDetailsViewController.h */ = {isa = PBXFileReference; lastKnownFileType = sourcecode.c.h; path = InboxDetailsViewController.h; sourceTree = "<group>"; };
		07CE68D01590866B009B89D4 /* InboxDetailsViewController.m */ = {isa = PBXFileReference; lastKnownFileType = sourcecode.c.objc; path = InboxDetailsViewController.m; sourceTree = "<group>"; };
		07CE68D11590866B009B89D4 /* InboxDetailsViewController_IPhone.xib */ = {isa = PBXFileReference; lastKnownFileType = file.xib; path = InboxDetailsViewController_IPhone.xib; sourceTree = "<group>"; };
		07CE68D21590866B009B89D4 /* InboxDetailsViewController_IPad.xib */ = {isa = PBXFileReference; lastKnownFileType = file.xib; path = InboxDetailsViewController_IPad.xib; sourceTree = "<group>"; };
		787C39DF15908FAB000AD034 /* send.png */ = {isa = PBXFileReference; lastKnownFileType = image.png; name = send.png; path = IPhone/send.png; sourceTree = "<group>"; };
		787D23BF158462E70077FF07 /* placeholder.png */ = {isa = PBXFileReference; lastKnownFileType = image.png; name = placeholder.png; path = IPhone/placeholder.png; sourceTree = "<group>"; };
		787E2FBD1573319C00E3D6AE /* icon_57.png */ = {isa = PBXFileReference; lastKnownFileType = image.png; name = icon_57.png; path = Resources/icon_57.png; sourceTree = "<group>"; };
		787E2FBE1573319C00E3D6AE /* icon_72.png */ = {isa = PBXFileReference; lastKnownFileType = image.png; name = icon_72.png; path = Resources/icon_72.png; sourceTree = "<group>"; };
		787E2FD415734E0900E3D6AE /* background_iPad.png */ = {isa = PBXFileReference; lastKnownFileType = image.png; name = background_iPad.png; path = IPad/background_iPad.png; sourceTree = "<group>"; };
		787E2FD515734E0900E3D6AE /* loginfromangellist_iPad.png */ = {isa = PBXFileReference; lastKnownFileType = image.png; name = loginfromangellist_iPad.png; path = IPad/loginfromangellist_iPad.png; sourceTree = "<group>"; };
		787E2FD615734E0900E3D6AE /* loginfromfacebook_iPad.png */ = {isa = PBXFileReference; lastKnownFileType = image.png; name = loginfromfacebook_iPad.png; path = IPad/loginfromfacebook_iPad.png; sourceTree = "<group>"; };
		787E2FD715734E0900E3D6AE /* loginfromtwitter_iPad.png */ = {isa = PBXFileReference; lastKnownFileType = image.png; name = loginfromtwitter_iPad.png; path = IPad/loginfromtwitter_iPad.png; sourceTree = "<group>"; };
		787ECD231583276300330768 /* HomeViewController.h */ = {isa = PBXFileReference; fileEncoding = 4; lastKnownFileType = sourcecode.c.h; path = HomeViewController.h; sourceTree = "<group>"; };
		787ECD241583276300330768 /* HomeViewController.m */ = {isa = PBXFileReference; fileEncoding = 4; lastKnownFileType = sourcecode.c.objc; path = HomeViewController.m; sourceTree = "<group>"; };
		787ECD251583276300330768 /* HomeViewController_iPhone.xib */ = {isa = PBXFileReference; fileEncoding = 4; lastKnownFileType = file.xib; path = HomeViewController_iPhone.xib; sourceTree = "<group>"; };
		78832D971585D19900C995D6 /* closebutton.png */ = {isa = PBXFileReference; lastKnownFileType = image.png; name = closebutton.png; path = IPhone/closebutton.png; sourceTree = "<group>"; };
		7884BAE5157F365D00F4E10E /* CustomTabBar.h */ = {isa = PBXFileReference; fileEncoding = 4; lastKnownFileType = sourcecode.c.h; path = CustomTabBar.h; sourceTree = "<group>"; };
		7884BAE6157F365D00F4E10E /* CustomTabBar.m */ = {isa = PBXFileReference; fileEncoding = 4; lastKnownFileType = sourcecode.c.objc; path = CustomTabBar.m; sourceTree = "<group>"; };
		7884BAF9157F3CD900F4E10E /* activityp.png */ = {isa = PBXFileReference; lastKnownFileType = image.png; name = activityp.png; path = IPhone/activityp.png; sourceTree = "<group>"; };
		7884BAFA157F3CD900F4E10E /* home.png */ = {isa = PBXFileReference; lastKnownFileType = image.png; name = home.png; path = IPhone/home.png; sourceTree = "<group>"; };
		7884BAFB157F3CD900F4E10E /* homep.png */ = {isa = PBXFileReference; lastKnownFileType = image.png; name = homep.png; path = IPhone/homep.png; sourceTree = "<group>"; };
		7884BAFC157F3CD900F4E10E /* inbox.png */ = {isa = PBXFileReference; lastKnownFileType = image.png; name = inbox.png; path = IPhone/inbox.png; sourceTree = "<group>"; };
		7884BAFD157F3CD900F4E10E /* inboxp.png */ = {isa = PBXFileReference; lastKnownFileType = image.png; name = inboxp.png; path = IPhone/inboxp.png; sourceTree = "<group>"; };
		7884BAFE157F3CDA00F4E10E /* startupp.png */ = {isa = PBXFileReference; lastKnownFileType = image.png; name = startupp.png; path = IPhone/startupp.png; sourceTree = "<group>"; };
		7884BAFF157F3CDA00F4E10E /* tabbarbackground.png */ = {isa = PBXFileReference; lastKnownFileType = image.png; name = tabbarbackground.png; path = IPhone/tabbarbackground.png; sourceTree = "<group>"; };
		7884DBEA156F8C3000679076 /* Angellist.app */ = {isa = PBXFileReference; explicitFileType = wrapper.application; includeInIndex = 0; path = Angellist.app; sourceTree = BUILT_PRODUCTS_DIR; };
		7884DBEE156F8C3000679076 /* UIKit.framework */ = {isa = PBXFileReference; lastKnownFileType = wrapper.framework; name = UIKit.framework; path = System/Library/Frameworks/UIKit.framework; sourceTree = SDKROOT; };
		7884DBF0156F8C3000679076 /* Foundation.framework */ = {isa = PBXFileReference; lastKnownFileType = wrapper.framework; name = Foundation.framework; path = System/Library/Frameworks/Foundation.framework; sourceTree = SDKROOT; };
		7884DBF2156F8C3000679076 /* CoreGraphics.framework */ = {isa = PBXFileReference; lastKnownFileType = wrapper.framework; name = CoreGraphics.framework; path = System/Library/Frameworks/CoreGraphics.framework; sourceTree = SDKROOT; };
		7884DBF6156F8C3000679076 /* Angellist-Info.plist */ = {isa = PBXFileReference; lastKnownFileType = text.plist.xml; path = "Angellist-Info.plist"; sourceTree = "<group>"; };
		7884DBF8156F8C3000679076 /* en */ = {isa = PBXFileReference; lastKnownFileType = text.plist.strings; name = en; path = en.lproj/InfoPlist.strings; sourceTree = "<group>"; };
		7884DBFA156F8C3000679076 /* main.m */ = {isa = PBXFileReference; lastKnownFileType = sourcecode.c.objc; path = main.m; sourceTree = "<group>"; };
		7884DBFC156F8C3000679076 /* Angellist-Prefix.pch */ = {isa = PBXFileReference; lastKnownFileType = sourcecode.c.h; path = "Angellist-Prefix.pch"; sourceTree = "<group>"; };
		7884DBFD156F8C3000679076 /* AppDelegate.h */ = {isa = PBXFileReference; lastKnownFileType = sourcecode.c.h; path = AppDelegate.h; sourceTree = "<group>"; };
		7884DBFE156F8C3000679076 /* AppDelegate.m */ = {isa = PBXFileReference; lastKnownFileType = sourcecode.c.objc; path = AppDelegate.m; sourceTree = "<group>"; };
		7884DC00156F8C3000679076 /* ViewController.h */ = {isa = PBXFileReference; lastKnownFileType = sourcecode.c.h; path = ViewController.h; sourceTree = "<group>"; };
		7884DC01156F8C3000679076 /* ViewController.m */ = {isa = PBXFileReference; lastKnownFileType = sourcecode.c.objc; path = ViewController.m; sourceTree = "<group>"; };
		7884DC04156F8C3000679076 /* en */ = {isa = PBXFileReference; lastKnownFileType = file.xib; name = en; path = en.lproj/ViewController_iPhone.xib; sourceTree = "<group>"; };
		7884DC07156F8C3000679076 /* en */ = {isa = PBXFileReference; lastKnownFileType = file.xib; name = en; path = en.lproj/ViewController_iPad.xib; sourceTree = "<group>"; };
		7884DC27156F9D9000679076 /* LoginViewController.h */ = {isa = PBXFileReference; fileEncoding = 4; lastKnownFileType = sourcecode.c.h; path = LoginViewController.h; sourceTree = "<group>"; };
		7884DC28156F9D9100679076 /* LoginViewController.m */ = {isa = PBXFileReference; fileEncoding = 4; lastKnownFileType = sourcecode.c.objc; path = LoginViewController.m; sourceTree = "<group>"; };
		7884DC29156F9D9100679076 /* LoginViewController_iPhone.xib */ = {isa = PBXFileReference; fileEncoding = 4; lastKnownFileType = file.xib; path = LoginViewController_iPhone.xib; sourceTree = "<group>"; };
		7884DC2C156F9E0600679076 /* LoginViewController_iPad.xib */ = {isa = PBXFileReference; fileEncoding = 4; lastKnownFileType = file.xib; path = LoginViewController_iPad.xib; sourceTree = "<group>"; };
		7884DC2F156F9FF900679076 /* back.png */ = {isa = PBXFileReference; lastKnownFileType = image.png; name = back.png; path = IPhone/back.png; sourceTree = "<group>"; };
		7884DC30156F9FF900679076 /* background.png */ = {isa = PBXFileReference; lastKnownFileType = image.png; name = background.png; path = IPhone/background.png; sourceTree = "<group>"; };
		7884DC31156F9FF900679076 /* filter.png */ = {isa = PBXFileReference; lastKnownFileType = image.png; name = filter.png; path = IPhone/filter.png; sourceTree = "<group>"; };
		7884DC32156F9FF900679076 /* loginfromangellist.png */ = {isa = PBXFileReference; lastKnownFileType = image.png; name = loginfromangellist.png; path = IPhone/loginfromangellist.png; sourceTree = "<group>"; };
		7884DC33156F9FF900679076 /* loginfromfacebook.png */ = {isa = PBXFileReference; lastKnownFileType = image.png; name = loginfromfacebook.png; path = IPhone/loginfromfacebook.png; sourceTree = "<group>"; };
		7884DC34156F9FF900679076 /* loginfromtwitter.png */ = {isa = PBXFileReference; lastKnownFileType = image.png; name = loginfromtwitter.png; path = IPhone/loginfromtwitter.png; sourceTree = "<group>"; };
		7884DC35156F9FF900679076 /* navigationbar.png */ = {isa = PBXFileReference; lastKnownFileType = image.png; name = navigationbar.png; path = IPhone/navigationbar.png; sourceTree = "<group>"; };
		7884DC3D156FA24600679076 /* ContainerViewController.h */ = {isa = PBXFileReference; fileEncoding = 4; lastKnownFileType = sourcecode.c.h; path = ContainerViewController.h; sourceTree = "<group>"; };
		7884DC3E156FA24600679076 /* ContainerViewController.m */ = {isa = PBXFileReference; fileEncoding = 4; lastKnownFileType = sourcecode.c.objc; path = ContainerViewController.m; sourceTree = "<group>"; };
		7884DC3F156FA24600679076 /* ContainerViewController_iPhone.xib */ = {isa = PBXFileReference; fileEncoding = 4; lastKnownFileType = file.xib; path = ContainerViewController_iPhone.xib; sourceTree = "<group>"; };
		7884DC42156FA2DF00679076 /* ContainerViewController_iPad.xib */ = {isa = PBXFileReference; fileEncoding = 4; lastKnownFileType = file.xib; path = ContainerViewController_iPad.xib; sourceTree = "<group>"; };
		7884DC44156FAA5300679076 /* ActivityViewController.h */ = {isa = PBXFileReference; fileEncoding = 4; lastKnownFileType = sourcecode.c.h; path = ActivityViewController.h; sourceTree = "<group>"; };
		7884DC45156FAA5400679076 /* ActivityViewController.m */ = {isa = PBXFileReference; fileEncoding = 4; lastKnownFileType = sourcecode.c.objc; path = ActivityViewController.m; sourceTree = "<group>"; };
		7884DC46156FAA5400679076 /* ActivityViewController_iPhone.xib */ = {isa = PBXFileReference; fileEncoding = 4; lastKnownFileType = file.xib; path = ActivityViewController_iPhone.xib; sourceTree = "<group>"; };
		7884DC49156FAA6A00679076 /* StartUpViewController.h */ = {isa = PBXFileReference; fileEncoding = 4; lastKnownFileType = sourcecode.c.h; path = StartUpViewController.h; sourceTree = "<group>"; };
		7884DC4A156FAA6A00679076 /* StartUpViewController.m */ = {isa = PBXFileReference; fileEncoding = 4; lastKnownFileType = sourcecode.c.objc; path = StartUpViewController.m; sourceTree = "<group>"; };
		7884DC4B156FAA6A00679076 /* StartUpViewController_iPhone.xib */ = {isa = PBXFileReference; fileEncoding = 4; lastKnownFileType = file.xib; path = StartUpViewController_iPhone.xib; sourceTree = "<group>"; };
		7884DC53156FAAA300679076 /* ActivityViewController_iPad.xib */ = {isa = PBXFileReference; fileEncoding = 4; lastKnownFileType = file.xib; path = ActivityViewController_iPad.xib; sourceTree = "<group>"; };
		7884DC55156FAAD000679076 /* StartUpViewController_iPad.xib */ = {isa = PBXFileReference; fileEncoding = 4; lastKnownFileType = file.xib; path = StartUpViewController_iPad.xib; sourceTree = "<group>"; };
		7884DC59156FADD000679076 /* AsyncImageView.h */ = {isa = PBXFileReference; fileEncoding = 4; lastKnownFileType = sourcecode.c.h; path = AsyncImageView.h; sourceTree = "<group>"; };
		7884DC5A156FADD100679076 /* AsyncImageView.m */ = {isa = PBXFileReference; fileEncoding = 4; lastKnownFileType = sourcecode.c.objc; path = AsyncImageView.m; sourceTree = "<group>"; };
		788C4024157DE13E00A61CBF /* activity.png */ = {isa = PBXFileReference; lastKnownFileType = image.png; name = activity.png; path = IPhone/activity.png; sourceTree = "<group>"; };
		788C4026157DE70500A61CBF /* startup.png */ = {isa = PBXFileReference; lastKnownFileType = image.png; name = startup.png; path = IPhone/startup.png; sourceTree = "<group>"; };
		788C402C157E0F9600A61CBF /* unfollow.png */ = {isa = PBXFileReference; lastKnownFileType = image.png; name = unfollow.png; path = IPhone/unfollow.png; sourceTree = "<group>"; };
		789FFC7115858B3D00E45F6E /* pendingapi.png */ = {isa = PBXFileReference; lastKnownFileType = image.png; name = pendingapi.png; path = IPhone/pendingapi.png; sourceTree = "<group>"; };
		78BB083D157BC3A800822FD9 /* Reachability.h */ = {isa = PBXFileReference; fileEncoding = 4; lastKnownFileType = sourcecode.c.h; path = Reachability.h; sourceTree = "<group>"; };
		78BB083E157BC3A800822FD9 /* Reachability.m */ = {isa = PBXFileReference; fileEncoding = 4; lastKnownFileType = sourcecode.c.objc; path = Reachability.m; sourceTree = "<group>"; };
		78BB084D157BC99000822FD9 /* SystemConfiguration.framework */ = {isa = PBXFileReference; lastKnownFileType = wrapper.framework; name = SystemConfiguration.framework; path = System/Library/Frameworks/SystemConfiguration.framework; sourceTree = SDKROOT; };
		78BB084F157BCBDB00822FD9 /* libsqlite3.dylib */ = {isa = PBXFileReference; lastKnownFileType = "compiled.mach-o.dylib"; name = libsqlite3.dylib; path = usr/lib/libsqlite3.dylib; sourceTree = SDKROOT; };
		78BB0851157BCBF700822FD9 /* DBManager.h */ = {isa = PBXFileReference; fileEncoding = 4; lastKnownFileType = sourcecode.c.h; path = DBManager.h; sourceTree = "<group>"; };
		78BB0852157BCBF700822FD9 /* DBManager.m */ = {isa = PBXFileReference; fileEncoding = 4; lastKnownFileType = sourcecode.c.objc; path = DBManager.m; sourceTree = "<group>"; };
		78CB45AD157CD9860043661F /* ActivityDetailsViewController.h */ = {isa = PBXFileReference; fileEncoding = 4; lastKnownFileType = sourcecode.c.h; path = ActivityDetailsViewController.h; sourceTree = "<group>"; };
		78CB45AE157CD9860043661F /* ActivityDetailsViewController.m */ = {isa = PBXFileReference; fileEncoding = 4; lastKnownFileType = sourcecode.c.objc; path = ActivityDetailsViewController.m; sourceTree = "<group>"; };
		78CB45AF157CD9860043661F /* ActivityDetailsViewController_iPhone.xib */ = {isa = PBXFileReference; fileEncoding = 4; lastKnownFileType = file.xib; path = ActivityDetailsViewController_iPhone.xib; sourceTree = "<group>"; };
		78CB45B3157CD9B90043661F /* StartUpDetailsViewController.h */ = {isa = PBXFileReference; fileEncoding = 4; lastKnownFileType = sourcecode.c.h; path = StartUpDetailsViewController.h; sourceTree = "<group>"; };
		78CB45B4157CD9B90043661F /* StartUpDetailsViewController.m */ = {isa = PBXFileReference; fileEncoding = 4; lastKnownFileType = sourcecode.c.objc; path = StartUpDetailsViewController.m; sourceTree = "<group>"; };
		78CB45B5157CD9B90043661F /* StartUpDetailsViewController_iPhone.xib */ = {isa = PBXFileReference; fileEncoding = 4; lastKnownFileType = file.xib; path = StartUpDetailsViewController_iPhone.xib; sourceTree = "<group>"; };
		78CB45B8157CDB6F0043661F /* ActivityWebDetailsController.h */ = {isa = PBXFileReference; fileEncoding = 4; lastKnownFileType = sourcecode.c.h; path = ActivityWebDetailsController.h; sourceTree = "<group>"; };
		78CB45B9157CDB6F0043661F /* ActivityWebDetailsController.m */ = {isa = PBXFileReference; fileEncoding = 4; lastKnownFileType = sourcecode.c.objc; path = ActivityWebDetailsController.m; sourceTree = "<group>"; };
		78CB45BA157CDB6F0043661F /* ActivityWebDetailsController_iPhone.xib */ = {isa = PBXFileReference; fileEncoding = 4; lastKnownFileType = file.xib; path = ActivityWebDetailsController_iPhone.xib; sourceTree = "<group>"; };
		78CB45BD157CEDF20043661F /* StartUpWebDetailsController.h */ = {isa = PBXFileReference; fileEncoding = 4; lastKnownFileType = sourcecode.c.h; path = StartUpWebDetailsController.h; sourceTree = "<group>"; };
		78CB45BE157CEDF20043661F /* StartUpWebDetailsController.m */ = {isa = PBXFileReference; fileEncoding = 4; lastKnownFileType = sourcecode.c.objc; path = StartUpWebDetailsController.m; sourceTree = "<group>"; };
		78CB45BF157CEDF20043661F /* StartUpWebDetailsController_iPhone.xib */ = {isa = PBXFileReference; fileEncoding = 4; lastKnownFileType = file.xib; path = StartUpWebDetailsController_iPhone.xib; sourceTree = "<group>"; };
		78D94B7615748FE7001A6305 /* more.png */ = {isa = PBXFileReference; lastKnownFileType = image.png; name = more.png; path = IPhone/more.png; sourceTree = "<group>"; };
		78D94B7915749054001A6305 /* follow.png */ = {isa = PBXFileReference; lastKnownFileType = image.png; name = follow.png; path = IPhone/follow.png; sourceTree = "<group>"; };
/* End PBXFileReference section */

/* Begin PBXFrameworksBuildPhase section */
		7884DBE7156F8C3000679076 /* Frameworks */ = {
			isa = PBXFrameworksBuildPhase;
			buildActionMask = 2147483647;
			files = (
				78BB0850157BCBDB00822FD9 /* libsqlite3.dylib in Frameworks */,
				78BB084E157BC99000822FD9 /* SystemConfiguration.framework in Frameworks */,
				7884DBEF156F8C3000679076 /* UIKit.framework in Frameworks */,
				7884DBF1156F8C3000679076 /* Foundation.framework in Frameworks */,
				7884DBF3156F8C3000679076 /* CoreGraphics.framework in Frameworks */,
			);
			runOnlyForDeploymentPostprocessing = 0;
		};
/* End PBXFrameworksBuildPhase section */

/* Begin PBXGroup section */
		787E2FBC1573319000E3D6AE /* icons */ = {
			isa = PBXGroup;
			children = (
				787E2FBD1573319C00E3D6AE /* icon_57.png */,
				787E2FBE1573319C00E3D6AE /* icon_72.png */,
			);
			name = icons;
			sourceTree = "<group>";
		};
		787E2FD215734DFB00E3D6AE /* IPad */ = {
			isa = PBXGroup;
			children = (
				787E2FD415734E0900E3D6AE /* background_iPad.png */,
				787E2FD515734E0900E3D6AE /* loginfromangellist_iPad.png */,
				787E2FD615734E0900E3D6AE /* loginfromfacebook_iPad.png */,
				787E2FD715734E0900E3D6AE /* loginfromtwitter_iPad.png */,
			);
			name = IPad;
			sourceTree = "<group>";
		};
		7884DBDF156F8C3000679076 = {
			isa = PBXGroup;
			children = (
				78BB084F157BCBDB00822FD9 /* libsqlite3.dylib */,
				7884DBF4156F8C3000679076 /* Angellist */,
				7884DBED156F8C3000679076 /* Frameworks */,
				7884DBEB156F8C3000679076 /* Products */,
			);
			sourceTree = "<group>";
		};
		7884DBEB156F8C3000679076 /* Products */ = {
			isa = PBXGroup;
			children = (
				7884DBEA156F8C3000679076 /* Angellist.app */,
			);
			name = Products;
			sourceTree = "<group>";
		};
		7884DBED156F8C3000679076 /* Frameworks */ = {
			isa = PBXGroup;
			children = (
				78BB084D157BC99000822FD9 /* SystemConfiguration.framework */,
				7884DBEE156F8C3000679076 /* UIKit.framework */,
				7884DBF0156F8C3000679076 /* Foundation.framework */,
				7884DBF2156F8C3000679076 /* CoreGraphics.framework */,
			);
			name = Frameworks;
			sourceTree = "<group>";
		};
		7884DBF4156F8C3000679076 /* Angellist */ = {
			isa = PBXGroup;
			children = (
				7884BAE5157F365D00F4E10E /* CustomTabBar.h */,
				7884BAE6157F365D00F4E10E /* CustomTabBar.m */,
				78BB0851157BCBF700822FD9 /* DBManager.h */,
				78BB0852157BCBF700822FD9 /* DBManager.m */,
				78BB083D157BC3A800822FD9 /* Reachability.h */,
				78BB083E157BC3A800822FD9 /* Reachability.m */,
				787E2FD215734DFB00E3D6AE /* IPad */,
				787E2FBC1573319000E3D6AE /* icons */,
				7884DC2E156F9FEE00679076 /* IPhone */,
				7884DC59156FADD000679076 /* AsyncImageView.h */,
				7884DC5A156FADD100679076 /* AsyncImageView.m */,
				7884DBFD156F8C3000679076 /* AppDelegate.h */,
				7884DBFE156F8C3000679076 /* AppDelegate.m */,
				7884DC00156F8C3000679076 /* ViewController.h */,
				7884DC01156F8C3000679076 /* ViewController.m */,
				7884DC03156F8C3000679076 /* ViewController_iPhone.xib */,
				7884DC06156F8C3000679076 /* ViewController_iPad.xib */,
				7884DBF5156F8C3000679076 /* Supporting Files */,
				7884DC27156F9D9000679076 /* LoginViewController.h */,
				7884DC28156F9D9100679076 /* LoginViewController.m */,
				7884DC29156F9D9100679076 /* LoginViewController_iPhone.xib */,
				7884DC2C156F9E0600679076 /* LoginViewController_iPad.xib */,
				7884DC3D156FA24600679076 /* ContainerViewController.h */,
				7884DC3E156FA24600679076 /* ContainerViewController.m */,
				7884DC3F156FA24600679076 /* ContainerViewController_iPhone.xib */,
				7884DC42156FA2DF00679076 /* ContainerViewController_iPad.xib */,
				7884DC44156FAA5300679076 /* ActivityViewController.h */,
				7884DC45156FAA5400679076 /* ActivityViewController.m */,
				7884DC46156FAA5400679076 /* ActivityViewController_iPhone.xib */,
				7884DC53156FAAA300679076 /* ActivityViewController_iPad.xib */,
				78CB45AD157CD9860043661F /* ActivityDetailsViewController.h */,
				78CB45AE157CD9860043661F /* ActivityDetailsViewController.m */,
				78CB45AF157CD9860043661F /* ActivityDetailsViewController_iPhone.xib */,
				78CB45B8157CDB6F0043661F /* ActivityWebDetailsController.h */,
				78CB45B9157CDB6F0043661F /* ActivityWebDetailsController.m */,
				78CB45BA157CDB6F0043661F /* ActivityWebDetailsController_iPhone.xib */,
				7884DC49156FAA6A00679076 /* StartUpViewController.h */,
				7884DC4A156FAA6A00679076 /* StartUpViewController.m */,
				7884DC4B156FAA6A00679076 /* StartUpViewController_iPhone.xib */,
				7884DC55156FAAD000679076 /* StartUpViewController_iPad.xib */,
				78CB45B3157CD9B90043661F /* StartUpDetailsViewController.h */,
				78CB45B4157CD9B90043661F /* StartUpDetailsViewController.m */,
				78CB45B5157CD9B90043661F /* StartUpDetailsViewController_iPhone.xib */,
				78CB45BD157CEDF20043661F /* StartUpWebDetailsController.h */,
				78CB45BE157CEDF20043661F /* StartUpWebDetailsController.m */,
				78CB45BF157CEDF20043661F /* StartUpWebDetailsController_iPhone.xib */,
				07CE68CB1590866B009B89D4 /* InboxViewController.h */,
				07CE68CC1590866B009B89D4 /* InboxViewController.m */,
				07CE68CD1590866B009B89D4 /* InboxViewController_iPhone.xib */,
				07CE68CE1590866B009B89D4 /* InboxViewController_iPad.xib */,
				07CE68CF1590866B009B89D4 /* InboxDetailsViewController.h */,
				07CE68D01590866B009B89D4 /* InboxDetailsViewController.m */,
				07CE68D11590866B009B89D4 /* InboxDetailsViewController_IPhone.xib */,
				07CE68D21590866B009B89D4 /* InboxDetailsViewController_IPad.xib */,
				787ECD231583276300330768 /* HomeViewController.h */,
				787ECD241583276300330768 /* HomeViewController.m */,
				787ECD251583276300330768 /* HomeViewController_iPhone.xib */,
			);
			path = Angellist;
			sourceTree = "<group>";
		};
		7884DBF5156F8C3000679076 /* Supporting Files */ = {
			isa = PBXGroup;
			children = (
				7884DBF6156F8C3000679076 /* Angellist-Info.plist */,
				7884DBF7156F8C3000679076 /* InfoPlist.strings */,
				7884DBFA156F8C3000679076 /* main.m */,
				7884DBFC156F8C3000679076 /* Angellist-Prefix.pch */,
			);
			name = "Supporting Files";
			sourceTree = "<group>";
		};
		7884DC2E156F9FEE00679076 /* IPhone */ = {
			isa = PBXGroup;
			children = (
				787C39DF15908FAB000AD034 /* send.png */,
				789FFC7115858B3D00E45F6E /* pendingapi.png */,
				787D23BF158462E70077FF07 /* placeholder.png */,
				78832D971585D19900C995D6 /* closebutton.png */,
				7884BAFF157F3CDA00F4E10E /* tabbarbackground.png */,
				7884BAFA157F3CD900F4E10E /* home.png */,
				7884BAFB157F3CD900F4E10E /* homep.png */,
				788C4024157DE13E00A61CBF /* activity.png */,
				7884BAF9157F3CD900F4E10E /* activityp.png */,
				788C4026157DE70500A61CBF /* startup.png */,
				7884BAFE157F3CDA00F4E10E /* startupp.png */,
				7884BAFC157F3CD900F4E10E /* inbox.png */,
				7884BAFD157F3CD900F4E10E /* inboxp.png */,
				78D94B7915749054001A6305 /* follow.png */,
				788C402C157E0F9600A61CBF /* unfollow.png */,
				78D94B7615748FE7001A6305 /* more.png */,
				7884DC2F156F9FF900679076 /* back.png */,
				7884DC30156F9FF900679076 /* background.png */,
				7884DC31156F9FF900679076 /* filter.png */,
				7884DC32156F9FF900679076 /* loginfromangellist.png */,
				7884DC33156F9FF900679076 /* loginfromfacebook.png */,
				7884DC34156F9FF900679076 /* loginfromtwitter.png */,
				7884DC35156F9FF900679076 /* navigationbar.png */,
			);
			name = IPhone;
			sourceTree = "<group>";
		};
/* End PBXGroup section */

/* Begin PBXNativeTarget section */
		7884DBE9156F8C3000679076 /* Angellist */ = {
			isa = PBXNativeTarget;
			buildConfigurationList = 7884DC0B156F8C3000679076 /* Build configuration list for PBXNativeTarget "Angellist" */;
			buildPhases = (
				7884DBE6156F8C3000679076 /* Sources */,
				7884DBE7156F8C3000679076 /* Frameworks */,
				7884DBE8156F8C3000679076 /* Resources */,
			);
			buildRules = (
			);
			dependencies = (
			);
			name = Angellist;
			productName = Angellist;
			productReference = 7884DBEA156F8C3000679076 /* Angellist.app */;
			productType = "com.apple.product-type.application";
		};
/* End PBXNativeTarget section */

/* Begin PBXProject section */
		7884DBE1156F8C3000679076 /* Project object */ = {
			isa = PBXProject;
			attributes = {
				LastUpgradeCheck = 0420;
				ORGANIZATIONNAME = "Antiz Technologies Pvt Ltd";
			};
			buildConfigurationList = 7884DBE4156F8C3000679076 /* Build configuration list for PBXProject "Angellist" */;
			compatibilityVersion = "Xcode 3.2";
			developmentRegion = English;
			hasScannedForEncodings = 0;
			knownRegions = (
				en,
			);
			mainGroup = 7884DBDF156F8C3000679076;
			productRefGroup = 7884DBEB156F8C3000679076 /* Products */;
			projectDirPath = "";
			projectRoot = "";
			targets = (
				7884DBE9156F8C3000679076 /* Angellist */,
			);
		};
/* End PBXProject section */

/* Begin PBXResourcesBuildPhase section */
		7884DBE8156F8C3000679076 /* Resources */ = {
			isa = PBXResourcesBuildPhase;
			buildActionMask = 2147483647;
			files = (
				7884DBF9156F8C3000679076 /* InfoPlist.strings in Resources */,
				7884DC05156F8C3000679076 /* ViewController_iPhone.xib in Resources */,
				7884DC08156F8C3000679076 /* ViewController_iPad.xib in Resources */,
				7884DC2B156F9D9100679076 /* LoginViewController_iPhone.xib in Resources */,
				7884DC2D156F9E0600679076 /* LoginViewController_iPad.xib in Resources */,
				7884DC36156F9FF900679076 /* back.png in Resources */,
				7884DC37156F9FF900679076 /* background.png in Resources */,
				7884DC38156F9FF900679076 /* filter.png in Resources */,
				7884DC39156F9FF900679076 /* loginfromangellist.png in Resources */,
				7884DC3A156F9FF900679076 /* loginfromfacebook.png in Resources */,
				7884DC3B156F9FF900679076 /* loginfromtwitter.png in Resources */,
				7884DC3C156F9FF900679076 /* navigationbar.png in Resources */,
				7884DC41156FA24600679076 /* ContainerViewController_iPhone.xib in Resources */,
				7884DC43156FA2E000679076 /* ContainerViewController_iPad.xib in Resources */,
				7884DC48156FAA5400679076 /* ActivityViewController_iPhone.xib in Resources */,
				7884DC4D156FAA6A00679076 /* StartUpViewController_iPhone.xib in Resources */,
				7884DC54156FAAA400679076 /* ActivityViewController_iPad.xib in Resources */,
				7884DC56156FAAD000679076 /* StartUpViewController_iPad.xib in Resources */,
				787E2FBF1573319C00E3D6AE /* icon_57.png in Resources */,
				787E2FC01573319C00E3D6AE /* icon_72.png in Resources */,
				787E2FD815734E0900E3D6AE /* background_iPad.png in Resources */,
				787E2FD915734E0900E3D6AE /* loginfromangellist_iPad.png in Resources */,
				787E2FDA15734E0900E3D6AE /* loginfromfacebook_iPad.png in Resources */,
				787E2FDB15734E0900E3D6AE /* loginfromtwitter_iPad.png in Resources */,
				78D94B7715748FE7001A6305 /* more.png in Resources */,
				78D94B7A15749054001A6305 /* follow.png in Resources */,
				78CB45B1157CD9860043661F /* ActivityDetailsViewController_iPhone.xib in Resources */,
				78CB45B7157CD9B90043661F /* StartUpDetailsViewController_iPhone.xib in Resources */,
				78CB45BC157CDB6F0043661F /* ActivityWebDetailsController_iPhone.xib in Resources */,
				78CB45C1157CEDF30043661F /* StartUpWebDetailsController_iPhone.xib in Resources */,
				788C4025157DE13E00A61CBF /* activity.png in Resources */,
				788C4027157DE70500A61CBF /* startup.png in Resources */,
				788C402D157E0F9600A61CBF /* unfollow.png in Resources */,
				7884BB00157F3CDA00F4E10E /* activityp.png in Resources */,
				7884BB01157F3CDA00F4E10E /* home.png in Resources */,
				7884BB02157F3CDA00F4E10E /* homep.png in Resources */,
				7884BB03157F3CDA00F4E10E /* inbox.png in Resources */,
				7884BB04157F3CDA00F4E10E /* inboxp.png in Resources */,
				7884BB05157F3CDA00F4E10E /* startupp.png in Resources */,
				7884BB06157F3CDA00F4E10E /* tabbarbackground.png in Resources */,
				787ECD271583276300330768 /* HomeViewController_iPhone.xib in Resources */,
				787D23C0158462E70077FF07 /* placeholder.png in Resources */,
				789FFC7215858B3D00E45F6E /* pendingapi.png in Resources */,
				78832D981585D19900C995D6 /* closebutton.png in Resources */,
				787C39E015908FAB000AD034 /* send.png in Resources */,
			);
			runOnlyForDeploymentPostprocessing = 0;
		};
/* End PBXResourcesBuildPhase section */

/* Begin PBXSourcesBuildPhase section */
		7884DBE6156F8C3000679076 /* Sources */ = {
			isa = PBXSourcesBuildPhase;
			buildActionMask = 2147483647;
			files = (
				07CE68D315908689009B89D4 /* LoginViewController_iPhone.xib in Sources */,
				07CE68D415908689009B89D4 /* LoginViewController_iPad.xib in Sources */,
				07CE68D515908689009B89D4 /* ContainerViewController_iPhone.xib in Sources */,
				07CE68D615908689009B89D4 /* ContainerViewController_iPad.xib in Sources */,
				07CE68D715908689009B89D4 /* ActivityViewController_iPhone.xib in Sources */,
				07CE68D815908689009B89D4 /* ActivityViewController_iPad.xib in Sources */,
				07CE68D915908689009B89D4 /* ActivityDetailsViewController_iPhone.xib in Sources */,
				07CE68DA15908689009B89D4 /* ActivityWebDetailsController_iPhone.xib in Sources */,
				07CE68DB15908689009B89D4 /* StartUpViewController_iPhone.xib in Sources */,
				07CE68DC15908689009B89D4 /* StartUpViewController_iPad.xib in Sources */,
				07CE68DD15908689009B89D4 /* StartUpDetailsViewController_iPhone.xib in Sources */,
				07CE68DE15908689009B89D4 /* StartUpWebDetailsController_iPhone.xib in Sources */,
				07CE68DF15908689009B89D4 /* InboxViewController.m in Sources */,
				07CE68E015908689009B89D4 /* InboxViewController_iPhone.xib in Sources */,
				07CE68E115908689009B89D4 /* InboxViewController_iPad.xib in Sources */,
				07CE68E215908689009B89D4 /* InboxDetailsViewController.m in Sources */,
				07CE68E315908689009B89D4 /* InboxDetailsViewController_IPhone.xib in Sources */,
				07CE68E415908689009B89D4 /* InboxDetailsViewController_IPad.xib in Sources */,
				7884DBFB156F8C3000679076 /* main.m in Sources */,
				7884DBFF156F8C3000679076 /* AppDelegate.m in Sources */,
				7884DC02156F8C3000679076 /* ViewController.m in Sources */,
				7884DC2A156F9D9100679076 /* LoginViewController.m in Sources */,
				7884DC40156FA24600679076 /* ContainerViewController.m in Sources */,
				7884DC47156FAA5400679076 /* ActivityViewController.m in Sources */,
				7884DC4C156FAA6A00679076 /* StartUpViewController.m in Sources */,
				7884DC5B156FADD100679076 /* AsyncImageView.m in Sources */,
				78BB083F157BC3A800822FD9 /* Reachability.m in Sources */,
				78BB0853157BCBF700822FD9 /* DBManager.m in Sources */,
				78CB45B0157CD9860043661F /* ActivityDetailsViewController.m in Sources */,
				78CB45B6157CD9B90043661F /* StartUpDetailsViewController.m in Sources */,
				78CB45BB157CDB6F0043661F /* ActivityWebDetailsController.m in Sources */,
				78CB45C0157CEDF30043661F /* StartUpWebDetailsController.m in Sources */,
				7884BAE7157F365D00F4E10E /* CustomTabBar.m in Sources */,
				787ECD261583276300330768 /* HomeViewController.m in Sources */,
			);
			runOnlyForDeploymentPostprocessing = 0;
		};
/* End PBXSourcesBuildPhase section */

/* Begin PBXVariantGroup section */
		7884DBF7156F8C3000679076 /* InfoPlist.strings */ = {
			isa = PBXVariantGroup;
			children = (
				7884DBF8156F8C3000679076 /* en */,
			);
			name = InfoPlist.strings;
			sourceTree = "<group>";
		};
		7884DC03156F8C3000679076 /* ViewController_iPhone.xib */ = {
			isa = PBXVariantGroup;
			children = (
				7884DC04156F8C3000679076 /* en */,
			);
			name = ViewController_iPhone.xib;
			sourceTree = "<group>";
		};
		7884DC06156F8C3000679076 /* ViewController_iPad.xib */ = {
			isa = PBXVariantGroup;
			children = (
				7884DC07156F8C3000679076 /* en */,
			);
			name = ViewController_iPad.xib;
			sourceTree = "<group>";
		};
/* End PBXVariantGroup section */

/* Begin XCBuildConfiguration section */
		7884DC09156F8C3000679076 /* Debug */ = {
			isa = XCBuildConfiguration;
			buildSettings = {
				ALWAYS_SEARCH_USER_PATHS = NO;
				ARCHS = "$(ARCHS_STANDARD_32_BIT)";
				CODE_SIGN_IDENTITY = "iPhone Developer: Srikanth Srinivasaiah (VM343XL6HJ)";
				"CODE_SIGN_IDENTITY[sdk=iphoneos*]" = "iPhone Developer: Srikanth Srinivasaiah (VM343XL6HJ)";
				COPY_PHASE_STRIP = NO;
				GCC_C_LANGUAGE_STANDARD = gnu99;
				GCC_DYNAMIC_NO_PIC = NO;
				GCC_OPTIMIZATION_LEVEL = 0;
				GCC_PREPROCESSOR_DEFINITIONS = (
					"DEBUG=1",
					"$(inherited)",
				);
				GCC_SYMBOLS_PRIVATE_EXTERN = NO;
				GCC_VERSION = com.apple.compilers.llvm.clang.1_0;
				GCC_WARN_ABOUT_MISSING_PROTOTYPES = YES;
				GCC_WARN_ABOUT_RETURN_TYPE = YES;
				GCC_WARN_UNUSED_VARIABLE = YES;
				IPHONEOS_DEPLOYMENT_TARGET = 5.0;
				PROVISIONING_PROFILE = "D9C7C932-BA3F-4D28-A6A7-D003AC04B308";
				"PROVISIONING_PROFILE[sdk=iphoneos*]" = "D9C7C932-BA3F-4D28-A6A7-D003AC04B308";
				SDKROOT = iphoneos;
				TARGETED_DEVICE_FAMILY = "1,2";
			};
			name = Debug;
		};
		7884DC0A156F8C3000679076 /* Release */ = {
			isa = XCBuildConfiguration;
			buildSettings = {
				ALWAYS_SEARCH_USER_PATHS = NO;
				ARCHS = "$(ARCHS_STANDARD_32_BIT)";
				CODE_SIGN_IDENTITY = "iPhone Developer: Srikanth Srinivasaiah (VM343XL6HJ)";
				"CODE_SIGN_IDENTITY[sdk=iphoneos*]" = "iPhone Developer: Srikanth Srinivasaiah (VM343XL6HJ)";
				COPY_PHASE_STRIP = YES;
				GCC_C_LANGUAGE_STANDARD = gnu99;
				GCC_VERSION = com.apple.compilers.llvm.clang.1_0;
				GCC_WARN_ABOUT_MISSING_PROTOTYPES = YES;
				GCC_WARN_ABOUT_RETURN_TYPE = YES;
				GCC_WARN_UNUSED_VARIABLE = YES;
				IPHONEOS_DEPLOYMENT_TARGET = 5.0;
				OTHER_CFLAGS = "-DNS_BLOCK_ASSERTIONS=1";
				PROVISIONING_PROFILE = "D9C7C932-BA3F-4D28-A6A7-D003AC04B308";
				"PROVISIONING_PROFILE[sdk=iphoneos*]" = "D9C7C932-BA3F-4D28-A6A7-D003AC04B308";
				SDKROOT = iphoneos;
				TARGETED_DEVICE_FAMILY = "1,2";
				VALIDATE_PRODUCT = YES;
			};
			name = Release;
		};
		7884DC0C156F8C3000679076 /* Debug */ = {
			isa = XCBuildConfiguration;
			buildSettings = {
				GCC_PRECOMPILE_PREFIX_HEADER = YES;
				GCC_PREFIX_HEADER = "Angellist/Angellist-Prefix.pch";
				INFOPLIST_FILE = "Angellist/Angellist-Info.plist";
				IPHONEOS_DEPLOYMENT_TARGET = 5.0;
				PRODUCT_NAME = "$(TARGET_NAME)";
				TARGETED_DEVICE_FAMILY = 1;
				WRAPPER_EXTENSION = app;
			};
			name = Debug;
		};
		7884DC0D156F8C3000679076 /* Release */ = {
			isa = XCBuildConfiguration;
			buildSettings = {
				GCC_PRECOMPILE_PREFIX_HEADER = YES;
				GCC_PREFIX_HEADER = "Angellist/Angellist-Prefix.pch";
				INFOPLIST_FILE = "Angellist/Angellist-Info.plist";
				IPHONEOS_DEPLOYMENT_TARGET = 5.0;
				PRODUCT_NAME = "$(TARGET_NAME)";
				TARGETED_DEVICE_FAMILY = 1;
				WRAPPER_EXTENSION = app;
			};
			name = Release;
		};
/* End XCBuildConfiguration section */

/* Begin XCConfigurationList section */
		7884DBE4156F8C3000679076 /* Build configuration list for PBXProject "Angellist" */ = {
			isa = XCConfigurationList;
			buildConfigurations = (
				7884DC09156F8C3000679076 /* Debug */,
				7884DC0A156F8C3000679076 /* Release */,
			);
			defaultConfigurationIsVisible = 0;
			defaultConfigurationName = Release;
		};
		7884DC0B156F8C3000679076 /* Build configuration list for PBXNativeTarget "Angellist" */ = {
			isa = XCConfigurationList;
			buildConfigurations = (
				7884DC0C156F8C3000679076 /* Debug */,
				7884DC0D156F8C3000679076 /* Release */,
			);
			defaultConfigurationIsVisible = 0;
			defaultConfigurationName = Release;
		};
/* End XCConfigurationList section */
	};
	rootObject = 7884DBE1156F8C3000679076 /* Project object */;
}
