// !$*UTF8*$!
{
	archiveVersion = 1;
	classes = {
	};
	objectVersion = 46;
	objects = {

/* Begin PBXBuildFile section */
		07030D8C15F0F76800AA5242 /* UIKit.framework in Frameworks */ = {isa = PBXBuildFile; fileRef = 07030D8B15F0F76800AA5242 /* UIKit.framework */; };
		07030D8E15F0F76800AA5242 /* Foundation.framework in Frameworks */ = {isa = PBXBuildFile; fileRef = 07030D8D15F0F76800AA5242 /* Foundation.framework */; };
		07030D9015F0F76800AA5242 /* CoreGraphics.framework in Frameworks */ = {isa = PBXBuildFile; fileRef = 07030D8F15F0F76800AA5242 /* CoreGraphics.framework */; };
		07030D9615F0F76800AA5242 /* InfoPlist.strings in Resources */ = {isa = PBXBuildFile; fileRef = 07030D9415F0F76800AA5242 /* InfoPlist.strings */; };
		07030D9815F0F76800AA5242 /* main.m in Sources */ = {isa = PBXBuildFile; fileRef = 07030D9715F0F76800AA5242 /* main.m */; };
		07030D9C15F0F76800AA5242 /* AppDelegate.m in Sources */ = {isa = PBXBuildFile; fileRef = 07030D9B15F0F76800AA5242 /* AppDelegate.m */; };
		07030D9F15F0F76800AA5242 /* ViewController.m in Sources */ = {isa = PBXBuildFile; fileRef = 07030D9E15F0F76800AA5242 /* ViewController.m */; };
		07030DA215F0F76800AA5242 /* ViewController_iPhone.xib in Resources */ = {isa = PBXBuildFile; fileRef = 07030DA015F0F76800AA5242 /* ViewController_iPhone.xib */; };
		07030DB615F0F79200AA5242 /* KCSUserActivity.m in Sources */ = {isa = PBXBuildFile; fileRef = 07030DAD15F0F79200AA5242 /* KCSUserActivity.m */; };
		07030DB715F0F79200AA5242 /* KCSLogin.m in Sources */ = {isa = PBXBuildFile; fileRef = 07030DAF15F0F79200AA5242 /* KCSLogin.m */; };
		07030DB815F0F79200AA5242 /* KCSLogout.m in Sources */ = {isa = PBXBuildFile; fileRef = 07030DB115F0F79200AA5242 /* KCSLogout.m */; };
		07030DB915F0F79200AA5242 /* Reachability.m in Sources */ = {isa = PBXBuildFile; fileRef = 07030DB315F0F79200AA5242 /* Reachability.m */; };
		07030DBA15F0F79200AA5242 /* CustomTabBar.m in Sources */ = {isa = PBXBuildFile; fileRef = 07030DB515F0F79200AA5242 /* CustomTabBar.m */; };
		07030DDF15F0F81C00AA5242 /* angel_logo.png in Resources */ = {isa = PBXBuildFile; fileRef = 07030DC415F0F81C00AA5242 /* angel_logo.png */; };
		07030DE015F0F81C00AA5242 /* back.png in Resources */ = {isa = PBXBuildFile; fileRef = 07030DC515F0F81C00AA5242 /* back.png */; };
		07030DE115F0F81C00AA5242 /* cancel.png in Resources */ = {isa = PBXBuildFile; fileRef = 07030DC615F0F81C00AA5242 /* cancel.png */; };
		07030DE215F0F81C00AA5242 /* dot.png in Resources */ = {isa = PBXBuildFile; fileRef = 07030DC715F0F81C00AA5242 /* dot.png */; };
		07030DE315F0F81C00AA5242 /* filtertab.png in Resources */ = {isa = PBXBuildFile; fileRef = 07030DC815F0F81C00AA5242 /* filtertab.png */; };
		07030DE415F0F81C00AA5242 /* follow.png in Resources */ = {isa = PBXBuildFile; fileRef = 07030DC915F0F81C00AA5242 /* follow.png */; };
		07030DE515F0F81C00AA5242 /* inboxa.png in Resources */ = {isa = PBXBuildFile; fileRef = 07030DCA15F0F81C00AA5242 /* inboxa.png */; };
		07030DE615F0F81C00AA5242 /* inboxi.png in Resources */ = {isa = PBXBuildFile; fileRef = 07030DCB15F0F81C00AA5242 /* inboxi.png */; };
		07030DE715F0F81C00AA5242 /* kinvey_logo.png in Resources */ = {isa = PBXBuildFile; fileRef = 07030DCC15F0F81C00AA5242 /* kinvey_logo.png */; };
		07030DE815F0F81C00AA5242 /* login_bt.png in Resources */ = {isa = PBXBuildFile; fileRef = 07030DCD15F0F81C00AA5242 /* login_bt.png */; };
		07030DE915F0F81C00AA5242 /* login.png in Resources */ = {isa = PBXBuildFile; fileRef = 07030DCE15F0F81C00AA5242 /* login.png */; };
		07030DEA15F0F81C00AA5242 /* logout.png in Resources */ = {isa = PBXBuildFile; fileRef = 07030DCF15F0F81C00AA5242 /* logout.png */; };
		07030DEB15F0F81C00AA5242 /* mea.png in Resources */ = {isa = PBXBuildFile; fileRef = 07030DD015F0F81C00AA5242 /* mea.png */; };
		07030DEC15F0F81C00AA5242 /* mei.png in Resources */ = {isa = PBXBuildFile; fileRef = 07030DD115F0F81C00AA5242 /* mei.png */; };
		07030DED15F0F81C00AA5242 /* more.png in Resources */ = {isa = PBXBuildFile; fileRef = 07030DD215F0F81C00AA5242 /* more.png */; };
		07030DEE15F0F81C00AA5242 /* navigationbarfil.png in Resources */ = {isa = PBXBuildFile; fileRef = 07030DD315F0F81C00AA5242 /* navigationbarfil.png */; };
		07030DEF15F0F81C00AA5242 /* navigationbarNf.png in Resources */ = {isa = PBXBuildFile; fileRef = 07030DD415F0F81C00AA5242 /* navigationbarNf.png */; };
		07030DF015F0F81C00AA5242 /* peoplea.png in Resources */ = {isa = PBXBuildFile; fileRef = 07030DD515F0F81C00AA5242 /* peoplea.png */; };
		07030DF115F0F81C00AA5242 /* peoplei.png in Resources */ = {isa = PBXBuildFile; fileRef = 07030DD615F0F81C00AA5242 /* peoplei.png */; };
		07030DF215F0F81C00AA5242 /* placeholder.png in Resources */ = {isa = PBXBuildFile; fileRef = 07030DD715F0F81C00AA5242 /* placeholder.png */; };
		07030DF315F0F81C00AA5242 /* refresh_arrow.png in Resources */ = {isa = PBXBuildFile; fileRef = 07030DD815F0F81C00AA5242 /* refresh_arrow.png */; };
		07030DF415F0F81C00AA5242 /* search.png in Resources */ = {isa = PBXBuildFile; fileRef = 07030DD915F0F81C00AA5242 /* search.png */; };
		07030DF515F0F81C00AA5242 /* send.png in Resources */ = {isa = PBXBuildFile; fileRef = 07030DDA15F0F81C00AA5242 /* send.png */; };
		07030DF615F0F81C00AA5242 /* startupa.png in Resources */ = {isa = PBXBuildFile; fileRef = 07030DDB15F0F81C00AA5242 /* startupa.png */; };
		07030DF715F0F81C00AA5242 /* startupi.png in Resources */ = {isa = PBXBuildFile; fileRef = 07030DDC15F0F81C00AA5242 /* startupi.png */; };
		07030DF815F0F81C00AA5242 /* tabbarbackground.png in Resources */ = {isa = PBXBuildFile; fileRef = 07030DDD15F0F81C00AA5242 /* tabbarbackground.png */; };
		07030DF915F0F81C00AA5242 /* unfollow.png in Resources */ = {isa = PBXBuildFile; fileRef = 07030DDE15F0F81C00AA5242 /* unfollow.png */; };
		07030DFC15F0F82900AA5242 /* Icon-57.png in Resources */ = {isa = PBXBuildFile; fileRef = 07030DFA15F0F82900AA5242 /* Icon-57.png */; };
		07030DFD15F0F82900AA5242 /* Icon-57@2x.png in Resources */ = {isa = PBXBuildFile; fileRef = 07030DFB15F0F82900AA5242 /* Icon-57@2x.png */; };
		07030E0615F0F9AF00AA5242 /* ContainerViewController.m in Sources */ = {isa = PBXBuildFile; fileRef = 07030E0415F0F9AF00AA5242 /* ContainerViewController.m */; };
		07030E0715F0F9AF00AA5242 /* ContainerViewController_iPhone.xib in Resources */ = {isa = PBXBuildFile; fileRef = 07030E0515F0F9AF00AA5242 /* ContainerViewController_iPhone.xib */; };
		07030E2E15F0F9C200AA5242 /* DBManager.m in Sources */ = {isa = PBXBuildFile; fileRef = 07030E0915F0F9C000AA5242 /* DBManager.m */; };
		07030E2F15F0F9C200AA5242 /* LoginViewController.m in Sources */ = {isa = PBXBuildFile; fileRef = 07030E0B15F0F9C000AA5242 /* LoginViewController.m */; };
		07030E3015F0F9C200AA5242 /* LoginViewController_iPhone.xib in Resources */ = {isa = PBXBuildFile; fileRef = 07030E0C15F0F9C000AA5242 /* LoginViewController_iPhone.xib */; };
		07030E3115F0F9C200AA5242 /* ActivityViewController.m in Sources */ = {isa = PBXBuildFile; fileRef = 07030E0E15F0F9C000AA5242 /* ActivityViewController.m */; };
		07030E3215F0F9C200AA5242 /* ActivityViewController_iPhone.xib in Resources */ = {isa = PBXBuildFile; fileRef = 07030E0F15F0F9C000AA5242 /* ActivityViewController_iPhone.xib */; };
		07030E3315F0F9C200AA5242 /* ActivityDetailsViewController.m in Sources */ = {isa = PBXBuildFile; fileRef = 07030E1115F0F9C000AA5242 /* ActivityDetailsViewController.m */; };
		07030E3415F0F9C200AA5242 /* ActivityDetailsViewController_iPhone.xib in Resources */ = {isa = PBXBuildFile; fileRef = 07030E1215F0F9C000AA5242 /* ActivityDetailsViewController_iPhone.xib */; };
		07030E3515F0F9C200AA5242 /* ActivityWebDetailsController.m in Sources */ = {isa = PBXBuildFile; fileRef = 07030E1415F0F9C000AA5242 /* ActivityWebDetailsController.m */; };
		07030E3615F0F9C200AA5242 /* ActivityWebDetailsController_iPhone.xib in Resources */ = {isa = PBXBuildFile; fileRef = 07030E1515F0F9C000AA5242 /* ActivityWebDetailsController_iPhone.xib */; };
		07030E3715F0F9C200AA5242 /* StartUpViewController.m in Sources */ = {isa = PBXBuildFile; fileRef = 07030E1715F0F9C000AA5242 /* StartUpViewController.m */; };
		07030E3815F0F9C200AA5242 /* StartUpViewController_iPhone.xib in Resources */ = {isa = PBXBuildFile; fileRef = 07030E1815F0F9C000AA5242 /* StartUpViewController_iPhone.xib */; };
		07030E3915F0F9C200AA5242 /* StartUpDetailsViewController.m in Sources */ = {isa = PBXBuildFile; fileRef = 07030E1A15F0F9C000AA5242 /* StartUpDetailsViewController.m */; };
		07030E3A15F0F9C200AA5242 /* StartUpDetailsViewController_iPhone.xib in Resources */ = {isa = PBXBuildFile; fileRef = 07030E1B15F0F9C000AA5242 /* StartUpDetailsViewController_iPhone.xib */; };
		07030E3B15F0F9C200AA5242 /* StartUpWebDetailsController.m in Sources */ = {isa = PBXBuildFile; fileRef = 07030E1D15F0F9C000AA5242 /* StartUpWebDetailsController.m */; };
		07030E3C15F0F9C200AA5242 /* StartUpWebDetailsController_iPhone.xib in Resources */ = {isa = PBXBuildFile; fileRef = 07030E1E15F0F9C100AA5242 /* StartUpWebDetailsController_iPhone.xib */; };
		07030E3D15F0F9C200AA5242 /* InboxViewController.m in Sources */ = {isa = PBXBuildFile; fileRef = 07030E2015F0F9C100AA5242 /* InboxViewController.m */; };
		07030E3E15F0F9C200AA5242 /* InboxViewController_iPhone.xib in Resources */ = {isa = PBXBuildFile; fileRef = 07030E2115F0F9C100AA5242 /* InboxViewController_iPhone.xib */; };
		07030E3F15F0F9C200AA5242 /* InboxDetailsViewController.m in Sources */ = {isa = PBXBuildFile; fileRef = 07030E2315F0F9C100AA5242 /* InboxDetailsViewController.m */; };
		07030E4015F0F9C200AA5242 /* InboxDetailsViewController_iPhone.xib in Resources */ = {isa = PBXBuildFile; fileRef = 07030E2415F0F9C100AA5242 /* InboxDetailsViewController_iPhone.xib */; };
		07030E4115F0F9C200AA5242 /* UserProfileViewController.m in Sources */ = {isa = PBXBuildFile; fileRef = 07030E2615F0F9C200AA5242 /* UserProfileViewController.m */; };
		07030E4215F0F9C200AA5242 /* UserProfileViewController_iPhone.xib in Resources */ = {isa = PBXBuildFile; fileRef = 07030E2715F0F9C200AA5242 /* UserProfileViewController_iPhone.xib */; };
		07030E4315F0F9C200AA5242 /* SearchViewController.m in Sources */ = {isa = PBXBuildFile; fileRef = 07030E2915F0F9C200AA5242 /* SearchViewController.m */; };
		07030E4415F0F9C200AA5242 /* SearchViewController.xib in Resources */ = {isa = PBXBuildFile; fileRef = 07030E2A15F0F9C200AA5242 /* SearchViewController.xib */; };
		07030E4515F0F9C200AA5242 /* SearchDetailsViewController.m in Sources */ = {isa = PBXBuildFile; fileRef = 07030E2C15F0F9C200AA5242 /* SearchDetailsViewController.m */; };
		07030E4615F0F9C200AA5242 /* SearchDetailsViewController.xib in Resources */ = {isa = PBXBuildFile; fileRef = 07030E2D15F0F9C200AA5242 /* SearchDetailsViewController.xib */; };
		07030E5115F0FA7600AA5242 /* CFNetwork.framework in Frameworks */ = {isa = PBXBuildFile; fileRef = 07030E4715F0FA7600AA5242 /* CFNetwork.framework */; };
		07030E5215F0FA7600AA5242 /* CoreLocation.framework in Frameworks */ = {isa = PBXBuildFile; fileRef = 07030E4815F0FA7600AA5242 /* CoreLocation.framework */; };
		07030E5315F0FA7600AA5242 /* CoreTelephony.framework in Frameworks */ = {isa = PBXBuildFile; fileRef = 07030E4915F0FA7600AA5242 /* CoreTelephony.framework */; settings = {ATTRIBUTES = (Weak, ); }; };
		07030E5415F0FA7600AA5242 /* libsqlite3.dylib in Frameworks */ = {isa = PBXBuildFile; fileRef = 07030E4A15F0FA7600AA5242 /* libsqlite3.dylib */; };
		07030E5515F0FA7600AA5242 /* libz.dylib in Frameworks */ = {isa = PBXBuildFile; fileRef = 07030E4B15F0FA7600AA5242 /* libz.dylib */; };
		07030E5615F0FA7600AA5242 /* MobileCoreServices.framework in Frameworks */ = {isa = PBXBuildFile; fileRef = 07030E4C15F0FA7600AA5242 /* MobileCoreServices.framework */; };
		07030E5715F0FA7600AA5242 /* QuartzCore.framework in Frameworks */ = {isa = PBXBuildFile; fileRef = 07030E4D15F0FA7600AA5242 /* QuartzCore.framework */; };
		07030E5815F0FA7600AA5242 /* Security.framework in Frameworks */ = {isa = PBXBuildFile; fileRef = 07030E4E15F0FA7600AA5242 /* Security.framework */; };
		07030E5915F0FA7600AA5242 /* StoreKit.framework in Frameworks */ = {isa = PBXBuildFile; fileRef = 07030E4F15F0FA7600AA5242 /* StoreKit.framework */; };
		07030E5A15F0FA7600AA5242 /* SystemConfiguration.framework in Frameworks */ = {isa = PBXBuildFile; fileRef = 07030E5015F0FA7600AA5242 /* SystemConfiguration.framework */; };
		07030E5C15F0FAA300AA5242 /* KinveyKit.framework in Frameworks */ = {isa = PBXBuildFile; fileRef = 07030E5B15F0FAA300AA5242 /* KinveyKit.framework */; };
		07030E5E15F0FABF00AA5242 /* libUAirship-1.2.2.a in Frameworks */ = {isa = PBXBuildFile; fileRef = 07030E5D15F0FABF00AA5242 /* libUAirship-1.2.2.a */; };
/* End PBXBuildFile section */

/* Begin PBXFileReference section */
		07030D8715F0F76800AA5242 /* Angellist.app */ = {isa = PBXFileReference; explicitFileType = wrapper.application; includeInIndex = 0; path = Angellist.app; sourceTree = BUILT_PRODUCTS_DIR; };
		07030D8B15F0F76800AA5242 /* UIKit.framework */ = {isa = PBXFileReference; lastKnownFileType = wrapper.framework; name = UIKit.framework; path = System/Library/Frameworks/UIKit.framework; sourceTree = SDKROOT; };
		07030D8D15F0F76800AA5242 /* Foundation.framework */ = {isa = PBXFileReference; lastKnownFileType = wrapper.framework; name = Foundation.framework; path = System/Library/Frameworks/Foundation.framework; sourceTree = SDKROOT; };
		07030D8F15F0F76800AA5242 /* CoreGraphics.framework */ = {isa = PBXFileReference; lastKnownFileType = wrapper.framework; name = CoreGraphics.framework; path = System/Library/Frameworks/CoreGraphics.framework; sourceTree = SDKROOT; };
		07030D9315F0F76800AA5242 /* Angellist-Info.plist */ = {isa = PBXFileReference; lastKnownFileType = text.plist.xml; path = "Angellist-Info.plist"; sourceTree = "<group>"; };
		07030D9515F0F76800AA5242 /* en */ = {isa = PBXFileReference; lastKnownFileType = text.plist.strings; name = en; path = en.lproj/InfoPlist.strings; sourceTree = "<group>"; };
		07030D9715F0F76800AA5242 /* main.m */ = {isa = PBXFileReference; lastKnownFileType = sourcecode.c.objc; path = main.m; sourceTree = "<group>"; };
		07030D9915F0F76800AA5242 /* Angellist-Prefix.pch */ = {isa = PBXFileReference; lastKnownFileType = sourcecode.c.h; path = "Angellist-Prefix.pch"; sourceTree = "<group>"; };
		07030D9A15F0F76800AA5242 /* AppDelegate.h */ = {isa = PBXFileReference; lastKnownFileType = sourcecode.c.h; path = AppDelegate.h; sourceTree = "<group>"; };
		07030D9B15F0F76800AA5242 /* AppDelegate.m */ = {isa = PBXFileReference; lastKnownFileType = sourcecode.c.objc; path = AppDelegate.m; sourceTree = "<group>"; };
		07030D9D15F0F76800AA5242 /* ViewController.h */ = {isa = PBXFileReference; lastKnownFileType = sourcecode.c.h; path = ViewController.h; sourceTree = "<group>"; };
		07030D9E15F0F76800AA5242 /* ViewController.m */ = {isa = PBXFileReference; lastKnownFileType = sourcecode.c.objc; path = ViewController.m; sourceTree = "<group>"; };
		07030DA115F0F76800AA5242 /* en */ = {isa = PBXFileReference; lastKnownFileType = file.xib; name = en; path = en.lproj/ViewController_iPhone.xib; sourceTree = "<group>"; };
		07030DAC15F0F79200AA5242 /* KCSUserActivity.h */ = {isa = PBXFileReference; fileEncoding = 4; lastKnownFileType = sourcecode.c.h; path = KCSUserActivity.h; sourceTree = "<group>"; };
		07030DAD15F0F79200AA5242 /* KCSUserActivity.m */ = {isa = PBXFileReference; fileEncoding = 4; lastKnownFileType = sourcecode.c.objc; path = KCSUserActivity.m; sourceTree = "<group>"; };
		07030DAE15F0F79200AA5242 /* KCSLogin.h */ = {isa = PBXFileReference; fileEncoding = 4; lastKnownFileType = sourcecode.c.h; path = KCSLogin.h; sourceTree = "<group>"; };
		07030DAF15F0F79200AA5242 /* KCSLogin.m */ = {isa = PBXFileReference; fileEncoding = 4; lastKnownFileType = sourcecode.c.objc; path = KCSLogin.m; sourceTree = "<group>"; };
		07030DB015F0F79200AA5242 /* KCSLogout.h */ = {isa = PBXFileReference; fileEncoding = 4; lastKnownFileType = sourcecode.c.h; path = KCSLogout.h; sourceTree = "<group>"; };
		07030DB115F0F79200AA5242 /* KCSLogout.m */ = {isa = PBXFileReference; fileEncoding = 4; lastKnownFileType = sourcecode.c.objc; path = KCSLogout.m; sourceTree = "<group>"; };
		07030DB215F0F79200AA5242 /* Reachability.h */ = {isa = PBXFileReference; fileEncoding = 4; lastKnownFileType = sourcecode.c.h; path = Reachability.h; sourceTree = "<group>"; };
		07030DB315F0F79200AA5242 /* Reachability.m */ = {isa = PBXFileReference; fileEncoding = 4; lastKnownFileType = sourcecode.c.objc; path = Reachability.m; sourceTree = "<group>"; };
		07030DB415F0F79200AA5242 /* CustomTabBar.h */ = {isa = PBXFileReference; fileEncoding = 4; lastKnownFileType = sourcecode.c.h; path = CustomTabBar.h; sourceTree = "<group>"; };
		07030DB515F0F79200AA5242 /* CustomTabBar.m */ = {isa = PBXFileReference; fileEncoding = 4; lastKnownFileType = sourcecode.c.objc; path = CustomTabBar.m; sourceTree = "<group>"; };
		07030DC415F0F81C00AA5242 /* angel_logo.png */ = {isa = PBXFileReference; lastKnownFileType = image.png; name = angel_logo.png; path = images/angel_logo.png; sourceTree = "<group>"; };
		07030DC515F0F81C00AA5242 /* back.png */ = {isa = PBXFileReference; lastKnownFileType = image.png; name = back.png; path = images/back.png; sourceTree = "<group>"; };
		07030DC615F0F81C00AA5242 /* cancel.png */ = {isa = PBXFileReference; lastKnownFileType = image.png; name = cancel.png; path = images/cancel.png; sourceTree = "<group>"; };
		07030DC715F0F81C00AA5242 /* dot.png */ = {isa = PBXFileReference; lastKnownFileType = image.png; name = dot.png; path = images/dot.png; sourceTree = "<group>"; };
		07030DC815F0F81C00AA5242 /* filtertab.png */ = {isa = PBXFileReference; lastKnownFileType = image.png; name = filtertab.png; path = images/filtertab.png; sourceTree = "<group>"; };
		07030DC915F0F81C00AA5242 /* follow.png */ = {isa = PBXFileReference; lastKnownFileType = image.png; name = follow.png; path = images/follow.png; sourceTree = "<group>"; };
		07030DCA15F0F81C00AA5242 /* inboxa.png */ = {isa = PBXFileReference; lastKnownFileType = image.png; name = inboxa.png; path = images/inboxa.png; sourceTree = "<group>"; };
		07030DCB15F0F81C00AA5242 /* inboxi.png */ = {isa = PBXFileReference; lastKnownFileType = image.png; name = inboxi.png; path = images/inboxi.png; sourceTree = "<group>"; };
		07030DCC15F0F81C00AA5242 /* kinvey_logo.png */ = {isa = PBXFileReference; lastKnownFileType = image.png; name = kinvey_logo.png; path = images/kinvey_logo.png; sourceTree = "<group>"; };
		07030DCD15F0F81C00AA5242 /* login_bt.png */ = {isa = PBXFileReference; lastKnownFileType = image.png; name = login_bt.png; path = images/login_bt.png; sourceTree = "<group>"; };
		07030DCE15F0F81C00AA5242 /* login.png */ = {isa = PBXFileReference; lastKnownFileType = image.png; name = login.png; path = images/login.png; sourceTree = "<group>"; };
		07030DCF15F0F81C00AA5242 /* logout.png */ = {isa = PBXFileReference; lastKnownFileType = image.png; name = logout.png; path = images/logout.png; sourceTree = "<group>"; };
		07030DD015F0F81C00AA5242 /* mea.png */ = {isa = PBXFileReference; lastKnownFileType = image.png; name = mea.png; path = images/mea.png; sourceTree = "<group>"; };
		07030DD115F0F81C00AA5242 /* mei.png */ = {isa = PBXFileReference; lastKnownFileType = image.png; name = mei.png; path = images/mei.png; sourceTree = "<group>"; };
		07030DD215F0F81C00AA5242 /* more.png */ = {isa = PBXFileReference; lastKnownFileType = image.png; name = more.png; path = images/more.png; sourceTree = "<group>"; };
		07030DD315F0F81C00AA5242 /* navigationbarfil.png */ = {isa = PBXFileReference; lastKnownFileType = image.png; name = navigationbarfil.png; path = images/navigationbarfil.png; sourceTree = "<group>"; };
		07030DD415F0F81C00AA5242 /* navigationbarNf.png */ = {isa = PBXFileReference; lastKnownFileType = image.png; name = navigationbarNf.png; path = images/navigationbarNf.png; sourceTree = "<group>"; };
		07030DD515F0F81C00AA5242 /* peoplea.png */ = {isa = PBXFileReference; lastKnownFileType = image.png; name = peoplea.png; path = images/peoplea.png; sourceTree = "<group>"; };
		07030DD615F0F81C00AA5242 /* peoplei.png */ = {isa = PBXFileReference; lastKnownFileType = image.png; name = peoplei.png; path = images/peoplei.png; sourceTree = "<group>"; };
		07030DD715F0F81C00AA5242 /* placeholder.png */ = {isa = PBXFileReference; lastKnownFileType = image.png; name = placeholder.png; path = images/placeholder.png; sourceTree = "<group>"; };
		07030DD815F0F81C00AA5242 /* refresh_arrow.png */ = {isa = PBXFileReference; lastKnownFileType = image.png; name = refresh_arrow.png; path = images/refresh_arrow.png; sourceTree = "<group>"; };
		07030DD915F0F81C00AA5242 /* search.png */ = {isa = PBXFileReference; lastKnownFileType = image.png; name = search.png; path = images/search.png; sourceTree = "<group>"; };
		07030DDA15F0F81C00AA5242 /* send.png */ = {isa = PBXFileReference; lastKnownFileType = image.png; name = send.png; path = images/send.png; sourceTree = "<group>"; };
		07030DDB15F0F81C00AA5242 /* startupa.png */ = {isa = PBXFileReference; lastKnownFileType = image.png; name = startupa.png; path = images/startupa.png; sourceTree = "<group>"; };
		07030DDC15F0F81C00AA5242 /* startupi.png */ = {isa = PBXFileReference; lastKnownFileType = image.png; name = startupi.png; path = images/startupi.png; sourceTree = "<group>"; };
		07030DDD15F0F81C00AA5242 /* tabbarbackground.png */ = {isa = PBXFileReference; lastKnownFileType = image.png; name = tabbarbackground.png; path = images/tabbarbackground.png; sourceTree = "<group>"; };
		07030DDE15F0F81C00AA5242 /* unfollow.png */ = {isa = PBXFileReference; lastKnownFileType = image.png; name = unfollow.png; path = images/unfollow.png; sourceTree = "<group>"; };
		07030DFA15F0F82900AA5242 /* Icon-57.png */ = {isa = PBXFileReference; lastKnownFileType = image.png; name = "Icon-57.png"; path = "icons/Icon-57.png"; sourceTree = "<group>"; };
		07030DFB15F0F82900AA5242 /* Icon-57@2x.png */ = {isa = PBXFileReference; lastKnownFileType = image.png; name = "Icon-57@2x.png"; path = "icons/Icon-57@2x.png"; sourceTree = "<group>"; };
		07030E0315F0F9AF00AA5242 /* ContainerViewController.h */ = {isa = PBXFileReference; fileEncoding = 4; lastKnownFileType = sourcecode.c.h; path = ContainerViewController.h; sourceTree = "<group>"; };
		07030E0415F0F9AF00AA5242 /* ContainerViewController.m */ = {isa = PBXFileReference; fileEncoding = 4; lastKnownFileType = sourcecode.c.objc; path = ContainerViewController.m; sourceTree = "<group>"; };
		07030E0515F0F9AF00AA5242 /* ContainerViewController_iPhone.xib */ = {isa = PBXFileReference; fileEncoding = 4; lastKnownFileType = file.xib; path = ContainerViewController_iPhone.xib; sourceTree = "<group>"; };
		07030E0815F0F9C000AA5242 /* DBManager.h */ = {isa = PBXFileReference; fileEncoding = 4; lastKnownFileType = sourcecode.c.h; path = DBManager.h; sourceTree = "<group>"; };
		07030E0915F0F9C000AA5242 /* DBManager.m */ = {isa = PBXFileReference; fileEncoding = 4; lastKnownFileType = sourcecode.c.objc; path = DBManager.m; sourceTree = "<group>"; };
		07030E0A15F0F9C000AA5242 /* LoginViewController.h */ = {isa = PBXFileReference; fileEncoding = 4; lastKnownFileType = sourcecode.c.h; path = LoginViewController.h; sourceTree = "<group>"; };
		07030E0B15F0F9C000AA5242 /* LoginViewController.m */ = {isa = PBXFileReference; fileEncoding = 4; lastKnownFileType = sourcecode.c.objc; path = LoginViewController.m; sourceTree = "<group>"; };
		07030E0C15F0F9C000AA5242 /* LoginViewController_iPhone.xib */ = {isa = PBXFileReference; fileEncoding = 4; lastKnownFileType = file.xib; path = LoginViewController_iPhone.xib; sourceTree = "<group>"; };
		07030E0D15F0F9C000AA5242 /* ActivityViewController.h */ = {isa = PBXFileReference; fileEncoding = 4; lastKnownFileType = sourcecode.c.h; path = ActivityViewController.h; sourceTree = "<group>"; };
		07030E0E15F0F9C000AA5242 /* ActivityViewController.m */ = {isa = PBXFileReference; fileEncoding = 4; lastKnownFileType = sourcecode.c.objc; path = ActivityViewController.m; sourceTree = "<group>"; };
		07030E0F15F0F9C000AA5242 /* ActivityViewController_iPhone.xib */ = {isa = PBXFileReference; fileEncoding = 4; lastKnownFileType = file.xib; path = ActivityViewController_iPhone.xib; sourceTree = "<group>"; };
		07030E1015F0F9C000AA5242 /* ActivityDetailsViewController.h */ = {isa = PBXFileReference; fileEncoding = 4; lastKnownFileType = sourcecode.c.h; path = ActivityDetailsViewController.h; sourceTree = "<group>"; };
		07030E1115F0F9C000AA5242 /* ActivityDetailsViewController.m */ = {isa = PBXFileReference; fileEncoding = 4; lastKnownFileType = sourcecode.c.objc; path = ActivityDetailsViewController.m; sourceTree = "<group>"; };
		07030E1215F0F9C000AA5242 /* ActivityDetailsViewController_iPhone.xib */ = {isa = PBXFileReference; fileEncoding = 4; lastKnownFileType = file.xib; path = ActivityDetailsViewController_iPhone.xib; sourceTree = "<group>"; };
		07030E1315F0F9C000AA5242 /* ActivityWebDetailsController.h */ = {isa = PBXFileReference; fileEncoding = 4; lastKnownFileType = sourcecode.c.h; path = ActivityWebDetailsController.h; sourceTree = "<group>"; };
		07030E1415F0F9C000AA5242 /* ActivityWebDetailsController.m */ = {isa = PBXFileReference; fileEncoding = 4; lastKnownFileType = sourcecode.c.objc; path = ActivityWebDetailsController.m; sourceTree = "<group>"; };
		07030E1515F0F9C000AA5242 /* ActivityWebDetailsController_iPhone.xib */ = {isa = PBXFileReference; fileEncoding = 4; lastKnownFileType = file.xib; path = ActivityWebDetailsController_iPhone.xib; sourceTree = "<group>"; };
		07030E1615F0F9C000AA5242 /* StartUpViewController.h */ = {isa = PBXFileReference; fileEncoding = 4; lastKnownFileType = sourcecode.c.h; path = StartUpViewController.h; sourceTree = "<group>"; };
		07030E1715F0F9C000AA5242 /* StartUpViewController.m */ = {isa = PBXFileReference; fileEncoding = 4; lastKnownFileType = sourcecode.c.objc; path = StartUpViewController.m; sourceTree = "<group>"; };
		07030E1815F0F9C000AA5242 /* StartUpViewController_iPhone.xib */ = {isa = PBXFileReference; fileEncoding = 4; lastKnownFileType = file.xib; path = StartUpViewController_iPhone.xib; sourceTree = "<group>"; };
		07030E1915F0F9C000AA5242 /* StartUpDetailsViewController.h */ = {isa = PBXFileReference; fileEncoding = 4; lastKnownFileType = sourcecode.c.h; path = StartUpDetailsViewController.h; sourceTree = "<group>"; };
		07030E1A15F0F9C000AA5242 /* StartUpDetailsViewController.m */ = {isa = PBXFileReference; fileEncoding = 4; lastKnownFileType = sourcecode.c.objc; path = StartUpDetailsViewController.m; sourceTree = "<group>"; };
		07030E1B15F0F9C000AA5242 /* StartUpDetailsViewController_iPhone.xib */ = {isa = PBXFileReference; fileEncoding = 4; lastKnownFileType = file.xib; path = StartUpDetailsViewController_iPhone.xib; sourceTree = "<group>"; };
		07030E1C15F0F9C000AA5242 /* StartUpWebDetailsController.h */ = {isa = PBXFileReference; fileEncoding = 4; lastKnownFileType = sourcecode.c.h; path = StartUpWebDetailsController.h; sourceTree = "<group>"; };
		07030E1D15F0F9C000AA5242 /* StartUpWebDetailsController.m */ = {isa = PBXFileReference; fileEncoding = 4; lastKnownFileType = sourcecode.c.objc; path = StartUpWebDetailsController.m; sourceTree = "<group>"; };
		07030E1E15F0F9C100AA5242 /* StartUpWebDetailsController_iPhone.xib */ = {isa = PBXFileReference; fileEncoding = 4; lastKnownFileType = file.xib; path = StartUpWebDetailsController_iPhone.xib; sourceTree = "<group>"; };
		07030E1F15F0F9C100AA5242 /* InboxViewController.h */ = {isa = PBXFileReference; fileEncoding = 4; lastKnownFileType = sourcecode.c.h; path = InboxViewController.h; sourceTree = "<group>"; };
		07030E2015F0F9C100AA5242 /* InboxViewController.m */ = {isa = PBXFileReference; fileEncoding = 4; lastKnownFileType = sourcecode.c.objc; path = InboxViewController.m; sourceTree = "<group>"; };
		07030E2115F0F9C100AA5242 /* InboxViewController_iPhone.xib */ = {isa = PBXFileReference; fileEncoding = 4; lastKnownFileType = file.xib; path = InboxViewController_iPhone.xib; sourceTree = "<group>"; };
		07030E2215F0F9C100AA5242 /* InboxDetailsViewController.h */ = {isa = PBXFileReference; fileEncoding = 4; lastKnownFileType = sourcecode.c.h; path = InboxDetailsViewController.h; sourceTree = "<group>"; };
		07030E2315F0F9C100AA5242 /* InboxDetailsViewController.m */ = {isa = PBXFileReference; fileEncoding = 4; lastKnownFileType = sourcecode.c.objc; path = InboxDetailsViewController.m; sourceTree = "<group>"; };
		07030E2415F0F9C100AA5242 /* InboxDetailsViewController_iPhone.xib */ = {isa = PBXFileReference; fileEncoding = 4; lastKnownFileType = file.xib; path = InboxDetailsViewController_iPhone.xib; sourceTree = "<group>"; };
		07030E2515F0F9C100AA5242 /* UserProfileViewController.h */ = {isa = PBXFileReference; fileEncoding = 4; lastKnownFileType = sourcecode.c.h; path = UserProfileViewController.h; sourceTree = "<group>"; };
		07030E2615F0F9C200AA5242 /* UserProfileViewController.m */ = {isa = PBXFileReference; fileEncoding = 4; lastKnownFileType = sourcecode.c.objc; path = UserProfileViewController.m; sourceTree = "<group>"; };
		07030E2715F0F9C200AA5242 /* UserProfileViewController_iPhone.xib */ = {isa = PBXFileReference; fileEncoding = 4; lastKnownFileType = file.xib; path = UserProfileViewController_iPhone.xib; sourceTree = "<group>"; };
		07030E2815F0F9C200AA5242 /* SearchViewController.h */ = {isa = PBXFileReference; fileEncoding = 4; lastKnownFileType = sourcecode.c.h; path = SearchViewController.h; sourceTree = "<group>"; };
		07030E2915F0F9C200AA5242 /* SearchViewController.m */ = {isa = PBXFileReference; fileEncoding = 4; lastKnownFileType = sourcecode.c.objc; path = SearchViewController.m; sourceTree = "<group>"; };
		07030E2A15F0F9C200AA5242 /* SearchViewController.xib */ = {isa = PBXFileReference; fileEncoding = 4; lastKnownFileType = file.xib; path = SearchViewController.xib; sourceTree = "<group>"; };
		07030E2B15F0F9C200AA5242 /* SearchDetailsViewController.h */ = {isa = PBXFileReference; fileEncoding = 4; lastKnownFileType = sourcecode.c.h; path = SearchDetailsViewController.h; sourceTree = "<group>"; };
		07030E2C15F0F9C200AA5242 /* SearchDetailsViewController.m */ = {isa = PBXFileReference; fileEncoding = 4; lastKnownFileType = sourcecode.c.objc; path = SearchDetailsViewController.m; sourceTree = "<group>"; };
		07030E2D15F0F9C200AA5242 /* SearchDetailsViewController.xib */ = {isa = PBXFileReference; fileEncoding = 4; lastKnownFileType = file.xib; path = SearchDetailsViewController.xib; sourceTree = "<group>"; };
		07030E4715F0FA7600AA5242 /* CFNetwork.framework */ = {isa = PBXFileReference; lastKnownFileType = wrapper.framework; name = CFNetwork.framework; path = System/Library/Frameworks/CFNetwork.framework; sourceTree = SDKROOT; };
		07030E4815F0FA7600AA5242 /* CoreLocation.framework */ = {isa = PBXFileReference; lastKnownFileType = wrapper.framework; name = CoreLocation.framework; path = System/Library/Frameworks/CoreLocation.framework; sourceTree = SDKROOT; };
		07030E4915F0FA7600AA5242 /* CoreTelephony.framework */ = {isa = PBXFileReference; lastKnownFileType = wrapper.framework; name = CoreTelephony.framework; path = System/Library/Frameworks/CoreTelephony.framework; sourceTree = SDKROOT; };
		07030E4A15F0FA7600AA5242 /* libsqlite3.dylib */ = {isa = PBXFileReference; lastKnownFileType = "compiled.mach-o.dylib"; name = libsqlite3.dylib; path = usr/lib/libsqlite3.dylib; sourceTree = SDKROOT; };
		07030E4B15F0FA7600AA5242 /* libz.dylib */ = {isa = PBXFileReference; lastKnownFileType = "compiled.mach-o.dylib"; name = libz.dylib; path = usr/lib/libz.dylib; sourceTree = SDKROOT; };
		07030E4C15F0FA7600AA5242 /* MobileCoreServices.framework */ = {isa = PBXFileReference; lastKnownFileType = wrapper.framework; name = MobileCoreServices.framework; path = System/Library/Frameworks/MobileCoreServices.framework; sourceTree = SDKROOT; };
		07030E4D15F0FA7600AA5242 /* QuartzCore.framework */ = {isa = PBXFileReference; lastKnownFileType = wrapper.framework; name = QuartzCore.framework; path = System/Library/Frameworks/QuartzCore.framework; sourceTree = SDKROOT; };
		07030E4E15F0FA7600AA5242 /* Security.framework */ = {isa = PBXFileReference; lastKnownFileType = wrapper.framework; name = Security.framework; path = System/Library/Frameworks/Security.framework; sourceTree = SDKROOT; };
		07030E4F15F0FA7600AA5242 /* StoreKit.framework */ = {isa = PBXFileReference; lastKnownFileType = wrapper.framework; name = StoreKit.framework; path = System/Library/Frameworks/StoreKit.framework; sourceTree = SDKROOT; };
		07030E5015F0FA7600AA5242 /* SystemConfiguration.framework */ = {isa = PBXFileReference; lastKnownFileType = wrapper.framework; name = SystemConfiguration.framework; path = System/Library/Frameworks/SystemConfiguration.framework; sourceTree = SDKROOT; };
		07030E5B15F0FAA300AA5242 /* KinveyKit.framework */ = {isa = PBXFileReference; lastKnownFileType = wrapper.framework; path = KinveyKit.framework; sourceTree = "<group>"; };
		07030E5D15F0FABF00AA5242 /* libUAirship-1.2.2.a */ = {isa = PBXFileReference; lastKnownFileType = archive.ar; name = "libUAirship-1.2.2.a"; path = "Airship/libUAirship-1.2.2.a"; sourceTree = "<group>"; };
/* End PBXFileReference section */

/* Begin PBXFrameworksBuildPhase section */
		07030D8415F0F76800AA5242 /* Frameworks */ = {
			isa = PBXFrameworksBuildPhase;
			buildActionMask = 2147483647;
			files = (
				07030E5E15F0FABF00AA5242 /* libUAirship-1.2.2.a in Frameworks */,
				07030E5115F0FA7600AA5242 /* CFNetwork.framework in Frameworks */,
				07030E5215F0FA7600AA5242 /* CoreLocation.framework in Frameworks */,
				07030E5315F0FA7600AA5242 /* CoreTelephony.framework in Frameworks */,
				07030E5415F0FA7600AA5242 /* libsqlite3.dylib in Frameworks */,
				07030E5515F0FA7600AA5242 /* libz.dylib in Frameworks */,
				07030E5615F0FA7600AA5242 /* MobileCoreServices.framework in Frameworks */,
				07030E5715F0FA7600AA5242 /* QuartzCore.framework in Frameworks */,
				07030E5815F0FA7600AA5242 /* Security.framework in Frameworks */,
				07030E5915F0FA7600AA5242 /* StoreKit.framework in Frameworks */,
				07030E5A15F0FA7600AA5242 /* SystemConfiguration.framework in Frameworks */,
				07030D8C15F0F76800AA5242 /* UIKit.framework in Frameworks */,
				07030D8E15F0F76800AA5242 /* Foundation.framework in Frameworks */,
				07030D9015F0F76800AA5242 /* CoreGraphics.framework in Frameworks */,
				07030E5C15F0FAA300AA5242 /* KinveyKit.framework in Frameworks */,
			);
			runOnlyForDeploymentPostprocessing = 0;
		};
/* End PBXFrameworksBuildPhase section */

/* Begin PBXGroup section */
		07030D7C15F0F76800AA5242 = {
			isa = PBXGroup;
			children = (
				07030E5D15F0FABF00AA5242 /* libUAirship-1.2.2.a */,
				07030E4A15F0FA7600AA5242 /* libsqlite3.dylib */,
				07030E4B15F0FA7600AA5242 /* libz.dylib */,
				07030D9115F0F76800AA5242 /* Angellist */,
				07030D8A15F0F76800AA5242 /* Frameworks */,
				07030D8815F0F76800AA5242 /* Products */,
			);
			sourceTree = "<group>";
		};
		07030D8815F0F76800AA5242 /* Products */ = {
			isa = PBXGroup;
			children = (
				07030D8715F0F76800AA5242 /* Angellist.app */,
			);
			name = Products;
			sourceTree = "<group>";
		};
		07030D8A15F0F76800AA5242 /* Frameworks */ = {
			isa = PBXGroup;
			children = (
				07030E5B15F0FAA300AA5242 /* KinveyKit.framework */,
				07030E4715F0FA7600AA5242 /* CFNetwork.framework */,
				07030E4815F0FA7600AA5242 /* CoreLocation.framework */,
				07030E4915F0FA7600AA5242 /* CoreTelephony.framework */,
				07030E4C15F0FA7600AA5242 /* MobileCoreServices.framework */,
				07030E4D15F0FA7600AA5242 /* QuartzCore.framework */,
				07030E4E15F0FA7600AA5242 /* Security.framework */,
				07030E4F15F0FA7600AA5242 /* StoreKit.framework */,
				07030E5015F0FA7600AA5242 /* SystemConfiguration.framework */,
				07030D8B15F0F76800AA5242 /* UIKit.framework */,
				07030D8D15F0F76800AA5242 /* Foundation.framework */,
				07030D8F15F0F76800AA5242 /* CoreGraphics.framework */,
			);
			name = Frameworks;
			sourceTree = "<group>";
		};
		07030D9115F0F76800AA5242 /* Angellist */ = {
			isa = PBXGroup;
			children = (
				07030DAC15F0F79200AA5242 /* KCSUserActivity.h */,
				07030DAD15F0F79200AA5242 /* KCSUserActivity.m */,
				07030DAE15F0F79200AA5242 /* KCSLogin.h */,
				07030DAF15F0F79200AA5242 /* KCSLogin.m */,
				07030DB015F0F79200AA5242 /* KCSLogout.h */,
				07030DB115F0F79200AA5242 /* KCSLogout.m */,
				07030DB215F0F79200AA5242 /* Reachability.h */,
				07030DB315F0F79200AA5242 /* Reachability.m */,
				07030DB415F0F79200AA5242 /* CustomTabBar.h */,
				07030DB515F0F79200AA5242 /* CustomTabBar.m */,
				07030DC315F0F80D00AA5242 /* images */,
				07030DC215F0F80800AA5242 /* icons */,
				07030D9A15F0F76800AA5242 /* AppDelegate.h */,
				07030D9B15F0F76800AA5242 /* AppDelegate.m */,
				07030D9D15F0F76800AA5242 /* ViewController.h */,
				07030D9E15F0F76800AA5242 /* ViewController.m */,
				07030DA015F0F76800AA5242 /* ViewController_iPhone.xib */,
				07030E0315F0F9AF00AA5242 /* ContainerViewController.h */,
				07030E0415F0F9AF00AA5242 /* ContainerViewController.m */,
				07030E0515F0F9AF00AA5242 /* ContainerViewController_iPhone.xib */,
				07030E0815F0F9C000AA5242 /* DBManager.h */,
				07030E0915F0F9C000AA5242 /* DBManager.m */,
				07030E0A15F0F9C000AA5242 /* LoginViewController.h */,
				07030E0B15F0F9C000AA5242 /* LoginViewController.m */,
				07030E0C15F0F9C000AA5242 /* LoginViewController_iPhone.xib */,
				07030E0D15F0F9C000AA5242 /* ActivityViewController.h */,
				07030E0E15F0F9C000AA5242 /* ActivityViewController.m */,
				07030E0F15F0F9C000AA5242 /* ActivityViewController_iPhone.xib */,
				07030E1015F0F9C000AA5242 /* ActivityDetailsViewController.h */,
				07030E1115F0F9C000AA5242 /* ActivityDetailsViewController.m */,
				07030E1215F0F9C000AA5242 /* ActivityDetailsViewController_iPhone.xib */,
				07030E1315F0F9C000AA5242 /* ActivityWebDetailsController.h */,
				07030E1415F0F9C000AA5242 /* ActivityWebDetailsController.m */,
				07030E1515F0F9C000AA5242 /* ActivityWebDetailsController_iPhone.xib */,
				07030E1615F0F9C000AA5242 /* StartUpViewController.h */,
				07030E1715F0F9C000AA5242 /* StartUpViewController.m */,
				07030E1815F0F9C000AA5242 /* StartUpViewController_iPhone.xib */,
				07030E1915F0F9C000AA5242 /* StartUpDetailsViewController.h */,
				07030E1A15F0F9C000AA5242 /* StartUpDetailsViewController.m */,
				07030E1B15F0F9C000AA5242 /* StartUpDetailsViewController_iPhone.xib */,
				07030E1C15F0F9C000AA5242 /* StartUpWebDetailsController.h */,
				07030E1D15F0F9C000AA5242 /* StartUpWebDetailsController.m */,
				07030E1E15F0F9C100AA5242 /* StartUpWebDetailsController_iPhone.xib */,
				07030E1F15F0F9C100AA5242 /* InboxViewController.h */,
				07030E2015F0F9C100AA5242 /* InboxViewController.m */,
				07030E2115F0F9C100AA5242 /* InboxViewController_iPhone.xib */,
				07030E2215F0F9C100AA5242 /* InboxDetailsViewController.h */,
				07030E2315F0F9C100AA5242 /* InboxDetailsViewController.m */,
				07030E2415F0F9C100AA5242 /* InboxDetailsViewController_iPhone.xib */,
				07030E2515F0F9C100AA5242 /* UserProfileViewController.h */,
				07030E2615F0F9C200AA5242 /* UserProfileViewController.m */,
				07030E2715F0F9C200AA5242 /* UserProfileViewController_iPhone.xib */,
				07030E2815F0F9C200AA5242 /* SearchViewController.h */,
				07030E2915F0F9C200AA5242 /* SearchViewController.m */,
				07030E2A15F0F9C200AA5242 /* SearchViewController.xib */,
				07030E2B15F0F9C200AA5242 /* SearchDetailsViewController.h */,
				07030E2C15F0F9C200AA5242 /* SearchDetailsViewController.m */,
				07030E2D15F0F9C200AA5242 /* SearchDetailsViewController.xib */,
				07030D9215F0F76800AA5242 /* Supporting Files */,
			);
			path = Angellist;
			sourceTree = "<group>";
		};
		07030D9215F0F76800AA5242 /* Supporting Files */ = {
			isa = PBXGroup;
			children = (
				07030D9315F0F76800AA5242 /* Angellist-Info.plist */,
				07030D9415F0F76800AA5242 /* InfoPlist.strings */,
				07030D9715F0F76800AA5242 /* main.m */,
				07030D9915F0F76800AA5242 /* Angellist-Prefix.pch */,
			);
			name = "Supporting Files";
			sourceTree = "<group>";
		};
		07030DC215F0F80800AA5242 /* icons */ = {
			isa = PBXGroup;
			children = (
				07030DFA15F0F82900AA5242 /* Icon-57.png */,
				07030DFB15F0F82900AA5242 /* Icon-57@2x.png */,
			);
			name = icons;
			sourceTree = "<group>";
		};
		07030DC315F0F80D00AA5242 /* images */ = {
			isa = PBXGroup;
			children = (
				07030DC415F0F81C00AA5242 /* angel_logo.png */,
				07030DC515F0F81C00AA5242 /* back.png */,
				07030DC615F0F81C00AA5242 /* cancel.png */,
				07030DC715F0F81C00AA5242 /* dot.png */,
				07030DC815F0F81C00AA5242 /* filtertab.png */,
				07030DC915F0F81C00AA5242 /* follow.png */,
				07030DCA15F0F81C00AA5242 /* inboxa.png */,
				07030DCB15F0F81C00AA5242 /* inboxi.png */,
				07030DCC15F0F81C00AA5242 /* kinvey_logo.png */,
				07030DCD15F0F81C00AA5242 /* login_bt.png */,
				07030DCE15F0F81C00AA5242 /* login.png */,
				07030DCF15F0F81C00AA5242 /* logout.png */,
				07030DD015F0F81C00AA5242 /* mea.png */,
				07030DD115F0F81C00AA5242 /* mei.png */,
				07030DD215F0F81C00AA5242 /* more.png */,
				07030DD315F0F81C00AA5242 /* navigationbarfil.png */,
				07030DD415F0F81C00AA5242 /* navigationbarNf.png */,
				07030DD515F0F81C00AA5242 /* peoplea.png */,
				07030DD615F0F81C00AA5242 /* peoplei.png */,
				07030DD715F0F81C00AA5242 /* placeholder.png */,
				07030DD815F0F81C00AA5242 /* refresh_arrow.png */,
				07030DD915F0F81C00AA5242 /* search.png */,
				07030DDA15F0F81C00AA5242 /* send.png */,
				07030DDB15F0F81C00AA5242 /* startupa.png */,
				07030DDC15F0F81C00AA5242 /* startupi.png */,
				07030DDD15F0F81C00AA5242 /* tabbarbackground.png */,
				07030DDE15F0F81C00AA5242 /* unfollow.png */,
			);
			name = images;
			sourceTree = "<group>";
		};
/* End PBXGroup section */

/* Begin PBXNativeTarget section */
		07030D8615F0F76800AA5242 /* Angellist */ = {
			isa = PBXNativeTarget;
			buildConfigurationList = 07030DA515F0F76800AA5242 /* Build configuration list for PBXNativeTarget "Angellist" */;
			buildPhases = (
				07030D8315F0F76800AA5242 /* Sources */,
				07030D8415F0F76800AA5242 /* Frameworks */,
				07030D8515F0F76800AA5242 /* Resources */,
			);
			buildRules = (
			);
			dependencies = (
			);
			name = Angellist;
			productName = Angellist;
			productReference = 07030D8715F0F76800AA5242 /* Angellist.app */;
			productType = "com.apple.product-type.application";
		};
/* End PBXNativeTarget section */

/* Begin PBXProject section */
		07030D7E15F0F76800AA5242 /* Project object */ = {
			isa = PBXProject;
			attributes = {
				LastUpgradeCheck = 0430;
			};
			buildConfigurationList = 07030D8115F0F76800AA5242 /* Build configuration list for PBXProject "Angellist" */;
			compatibilityVersion = "Xcode 3.2";
			developmentRegion = English;
			hasScannedForEncodings = 0;
			knownRegions = (
				en,
			);
			mainGroup = 07030D7C15F0F76800AA5242;
			productRefGroup = 07030D8815F0F76800AA5242 /* Products */;
			projectDirPath = "";
			projectRoot = "";
			targets = (
				07030D8615F0F76800AA5242 /* Angellist */,
			);
		};
/* End PBXProject section */

/* Begin PBXResourcesBuildPhase section */
		07030D8515F0F76800AA5242 /* Resources */ = {
			isa = PBXResourcesBuildPhase;
			buildActionMask = 2147483647;
			files = (
				07030D9615F0F76800AA5242 /* InfoPlist.strings in Resources */,
				07030DA215F0F76800AA5242 /* ViewController_iPhone.xib in Resources */,
				07030DDF15F0F81C00AA5242 /* angel_logo.png in Resources */,
				07030DE015F0F81C00AA5242 /* back.png in Resources */,
				07030DE115F0F81C00AA5242 /* cancel.png in Resources */,
				07030DE215F0F81C00AA5242 /* dot.png in Resources */,
				07030DE315F0F81C00AA5242 /* filtertab.png in Resources */,
				07030DE415F0F81C00AA5242 /* follow.png in Resources */,
				07030DE515F0F81C00AA5242 /* inboxa.png in Resources */,
				07030DE615F0F81C00AA5242 /* inboxi.png in Resources */,
				07030DE715F0F81C00AA5242 /* kinvey_logo.png in Resources */,
				07030DE815F0F81C00AA5242 /* login_bt.png in Resources */,
				07030DE915F0F81C00AA5242 /* login.png in Resources */,
				07030DEA15F0F81C00AA5242 /* logout.png in Resources */,
				07030DEB15F0F81C00AA5242 /* mea.png in Resources */,
				07030DEC15F0F81C00AA5242 /* mei.png in Resources */,
				07030DED15F0F81C00AA5242 /* more.png in Resources */,
				07030DEE15F0F81C00AA5242 /* navigationbarfil.png in Resources */,
				07030DEF15F0F81C00AA5242 /* navigationbarNf.png in Resources */,
				07030DF015F0F81C00AA5242 /* peoplea.png in Resources */,
				07030DF115F0F81C00AA5242 /* peoplei.png in Resources */,
				07030DF215F0F81C00AA5242 /* placeholder.png in Resources */,
				07030DF315F0F81C00AA5242 /* refresh_arrow.png in Resources */,
				07030DF415F0F81C00AA5242 /* search.png in Resources */,
				07030DF515F0F81C00AA5242 /* send.png in Resources */,
				07030DF615F0F81C00AA5242 /* startupa.png in Resources */,
				07030DF715F0F81C00AA5242 /* startupi.png in Resources */,
				07030DF815F0F81C00AA5242 /* tabbarbackground.png in Resources */,
				07030DF915F0F81C00AA5242 /* unfollow.png in Resources */,
				07030DFC15F0F82900AA5242 /* Icon-57.png in Resources */,
				07030DFD15F0F82900AA5242 /* Icon-57@2x.png in Resources */,
				07030E0715F0F9AF00AA5242 /* ContainerViewController_iPhone.xib in Resources */,
				07030E3015F0F9C200AA5242 /* LoginViewController_iPhone.xib in Resources */,
				07030E3215F0F9C200AA5242 /* ActivityViewController_iPhone.xib in Resources */,
				07030E3415F0F9C200AA5242 /* ActivityDetailsViewController_iPhone.xib in Resources */,
				07030E3615F0F9C200AA5242 /* ActivityWebDetailsController_iPhone.xib in Resources */,
				07030E3815F0F9C200AA5242 /* StartUpViewController_iPhone.xib in Resources */,
				07030E3A15F0F9C200AA5242 /* StartUpDetailsViewController_iPhone.xib in Resources */,
				07030E3C15F0F9C200AA5242 /* StartUpWebDetailsController_iPhone.xib in Resources */,
				07030E3E15F0F9C200AA5242 /* InboxViewController_iPhone.xib in Resources */,
				07030E4015F0F9C200AA5242 /* InboxDetailsViewController_iPhone.xib in Resources */,
				07030E4215F0F9C200AA5242 /* UserProfileViewController_iPhone.xib in Resources */,
				07030E4415F0F9C200AA5242 /* SearchViewController.xib in Resources */,
				07030E4615F0F9C200AA5242 /* SearchDetailsViewController.xib in Resources */,
			);
			runOnlyForDeploymentPostprocessing = 0;
		};
/* End PBXResourcesBuildPhase section */

/* Begin PBXSourcesBuildPhase section */
		07030D8315F0F76800AA5242 /* Sources */ = {
			isa = PBXSourcesBuildPhase;
			buildActionMask = 2147483647;
			files = (
				07030D9815F0F76800AA5242 /* main.m in Sources */,
				07030D9C15F0F76800AA5242 /* AppDelegate.m in Sources */,
				07030D9F15F0F76800AA5242 /* ViewController.m in Sources */,
				07030DB615F0F79200AA5242 /* KCSUserActivity.m in Sources */,
				07030DB715F0F79200AA5242 /* KCSLogin.m in Sources */,
				07030DB815F0F79200AA5242 /* KCSLogout.m in Sources */,
				07030DB915F0F79200AA5242 /* Reachability.m in Sources */,
				07030DBA15F0F79200AA5242 /* CustomTabBar.m in Sources */,
				07030E0615F0F9AF00AA5242 /* ContainerViewController.m in Sources */,
				07030E2E15F0F9C200AA5242 /* DBManager.m in Sources */,
				07030E2F15F0F9C200AA5242 /* LoginViewController.m in Sources */,
				07030E3115F0F9C200AA5242 /* ActivityViewController.m in Sources */,
				07030E3315F0F9C200AA5242 /* ActivityDetailsViewController.m in Sources */,
				07030E3515F0F9C200AA5242 /* ActivityWebDetailsController.m in Sources */,
				07030E3715F0F9C200AA5242 /* StartUpViewController.m in Sources */,
				07030E3915F0F9C200AA5242 /* StartUpDetailsViewController.m in Sources */,
				07030E3B15F0F9C200AA5242 /* StartUpWebDetailsController.m in Sources */,
				07030E3D15F0F9C200AA5242 /* InboxViewController.m in Sources */,
				07030E3F15F0F9C200AA5242 /* InboxDetailsViewController.m in Sources */,
				07030E4115F0F9C200AA5242 /* UserProfileViewController.m in Sources */,
				07030E4315F0F9C200AA5242 /* SearchViewController.m in Sources */,
				07030E4515F0F9C200AA5242 /* SearchDetailsViewController.m in Sources */,
			);
			runOnlyForDeploymentPostprocessing = 0;
		};
/* End PBXSourcesBuildPhase section */

/* Begin PBXVariantGroup section */
		07030D9415F0F76800AA5242 /* InfoPlist.strings */ = {
			isa = PBXVariantGroup;
			children = (
				07030D9515F0F76800AA5242 /* en */,
			);
			name = InfoPlist.strings;
			sourceTree = "<group>";
		};
		07030DA015F0F76800AA5242 /* ViewController_iPhone.xib */ = {
			isa = PBXVariantGroup;
			children = (
				07030DA115F0F76800AA5242 /* en */,
			);
			name = ViewController_iPhone.xib;
			sourceTree = "<group>";
		};
/* End PBXVariantGroup section */

/* Begin XCBuildConfiguration section */
		07030DA315F0F76800AA5242 /* Debug */ = {
			isa = XCBuildConfiguration;
			buildSettings = {
				ALWAYS_SEARCH_USER_PATHS = NO;
				ARCHS = "$(ARCHS_STANDARD_32_BIT)";
				CODE_SIGN_IDENTITY = "iPhone Developer: Srikanth Srinivasaiah (VM343XL6HJ)";
				"CODE_SIGN_IDENTITY[sdk=iphoneos*]" = "iPhone Developer: Srikanth Srinivasaiah (VM343XL6HJ)";
				COPY_PHASE_STRIP = NO;
				GCC_C_LANGUAGE_STANDARD = gnu99;
				GCC_DYNAMIC_NO_PIC = NO;
				GCC_OPTIMIZATION_LEVEL = 0;
				GCC_PREPROCESSOR_DEFINITIONS = (
					"DEBUG=1",
					"$(inherited)",
				);
				GCC_SYMBOLS_PRIVATE_EXTERN = NO;
				GCC_VERSION = com.apple.compilers.llvm.clang.1_0;
				GCC_WARN_ABOUT_RETURN_TYPE = YES;
				GCC_WARN_UNINITIALIZED_AUTOS = YES;
				GCC_WARN_UNUSED_VARIABLE = YES;
				IPHONEOS_DEPLOYMENT_TARGET = 5.1;
				OTHER_LDFLAGS = "-ObjC";
				PROVISIONING_PROFILE = "AD45F93D-2BDA-42D5-A586-9B0AED77393C";
				"PROVISIONING_PROFILE[sdk=iphoneos*]" = "AD45F93D-2BDA-42D5-A586-9B0AED77393C";
				SDKROOT = iphoneos;
			};
			name = Debug;
		};
		07030DA415F0F76800AA5242 /* Release */ = {
			isa = XCBuildConfiguration;
			buildSettings = {
				ALWAYS_SEARCH_USER_PATHS = NO;
				ARCHS = "$(ARCHS_STANDARD_32_BIT)";
				CODE_SIGN_IDENTITY = "iPhone Developer: Srikanth Srinivasaiah (VM343XL6HJ)";
				"CODE_SIGN_IDENTITY[sdk=iphoneos*]" = "iPhone Developer: Srikanth Srinivasaiah (VM343XL6HJ)";
				COPY_PHASE_STRIP = YES;
				GCC_C_LANGUAGE_STANDARD = gnu99;
				GCC_VERSION = com.apple.compilers.llvm.clang.1_0;
				GCC_WARN_ABOUT_RETURN_TYPE = YES;
				GCC_WARN_UNINITIALIZED_AUTOS = YES;
				GCC_WARN_UNUSED_VARIABLE = YES;
				IPHONEOS_DEPLOYMENT_TARGET = 5.1;
				OTHER_CFLAGS = "-DNS_BLOCK_ASSERTIONS=1";
				OTHER_LDFLAGS = "-ObjC";
				PROVISIONING_PROFILE = "AD45F93D-2BDA-42D5-A586-9B0AED77393C";
				"PROVISIONING_PROFILE[sdk=iphoneos*]" = "AD45F93D-2BDA-42D5-A586-9B0AED77393C";
				SDKROOT = iphoneos;
				VALIDATE_PRODUCT = YES;
			};
			name = Release;
		};
		07030DA615F0F76800AA5242 /* Debug */ = {
			isa = XCBuildConfiguration;
			buildSettings = {
				FRAMEWORK_SEARCH_PATHS = (
					"$(inherited)",
					"\"$(SRCROOT)\"",
				);
				GCC_PRECOMPILE_PREFIX_HEADER = YES;
				GCC_PREFIX_HEADER = "Angellist/Angellist-Prefix.pch";
				INFOPLIST_FILE = "Angellist/Angellist-Info.plist";
				LIBRARY_SEARCH_PATHS = (
					"$(inherited)",
					"\"$(SRCROOT)/Airship\"",
				);
				PRODUCT_NAME = "$(TARGET_NAME)";
				WRAPPER_EXTENSION = app;
			};
			name = Debug;
		};
		07030DA715F0F76800AA5242 /* Release */ = {
			isa = XCBuildConfiguration;
			buildSettings = {
				FRAMEWORK_SEARCH_PATHS = (
					"$(inherited)",
					"\"$(SRCROOT)\"",
				);
				GCC_PRECOMPILE_PREFIX_HEADER = YES;
				GCC_PREFIX_HEADER = "Angellist/Angellist-Prefix.pch";
				INFOPLIST_FILE = "Angellist/Angellist-Info.plist";
				LIBRARY_SEARCH_PATHS = (
					"$(inherited)",
					"\"$(SRCROOT)/Airship\"",
				);
				PRODUCT_NAME = "$(TARGET_NAME)";
				WRAPPER_EXTENSION = app;
			};
			name = Release;
		};
/* End XCBuildConfiguration section */

/* Begin XCConfigurationList section */
		07030D8115F0F76800AA5242 /* Build configuration list for PBXProject "Angellist" */ = {
			isa = XCConfigurationList;
			buildConfigurations = (
				07030DA315F0F76800AA5242 /* Debug */,
				07030DA415F0F76800AA5242 /* Release */,
			);
			defaultConfigurationIsVisible = 0;
			defaultConfigurationName = Release;
		};
		07030DA515F0F76800AA5242 /* Build configuration list for PBXNativeTarget "Angellist" */ = {
			isa = XCConfigurationList;
			buildConfigurations = (
				07030DA615F0F76800AA5242 /* Debug */,
				07030DA715F0F76800AA5242 /* Release */,
			);
			defaultConfigurationIsVisible = 0;
			defaultConfigurationName = Release;
		};
/* End XCConfigurationList section */
	};
	rootObject = 07030D7E15F0F76800AA5242 /* Project object */;
}
